// !$*UTF8*$!
{
	archiveVersion = 1;
	classes = {
	};
	objectVersion = 50;
	objects = {

/* Begin PBXBuildFile section */
		F5237DF624358D4200746D81 /* AddFactory.m in Sources */ = {isa = PBXBuildFile; fileRef = F5237DF524358D4200746D81 /* AddFactory.m */; };
		F5237DFA2435917A00746D81 /* SubFactory.m in Sources */ = {isa = PBXBuildFile; fileRef = F5237DF92435917A00746D81 /* SubFactory.m */; };
		F5237DFD2435918000746D81 /* MulFactory.m in Sources */ = {isa = PBXBuildFile; fileRef = F5237DFC2435918000746D81 /* MulFactory.m */; };
		F5237E002435918800746D81 /* DivFactory.m in Sources */ = {isa = PBXBuildFile; fileRef = F5237DFF2435918800746D81 /* DivFactory.m */; };
		F5237E062435B62300746D81 /* SqlserverFactory.m in Sources */ = {isa = PBXBuildFile; fileRef = F5237E052435B62300746D81 /* SqlserverFactory.m */; };
		F5237E092435B63A00746D81 /* AccessFactory.m in Sources */ = {isa = PBXBuildFile; fileRef = F5237E082435B63A00746D81 /* AccessFactory.m */; };
		F5237E0C2435B68900746D81 /* SqlserverUser.m in Sources */ = {isa = PBXBuildFile; fileRef = F5237E0B2435B68900746D81 /* SqlserverUser.m */; };
		F5237E0F2435B69E00746D81 /* SqlserverDepartment.m in Sources */ = {isa = PBXBuildFile; fileRef = F5237E0E2435B69E00746D81 /* SqlserverDepartment.m */; };
		F5237E122435B6AA00746D81 /* AccessUser.m in Sources */ = {isa = PBXBuildFile; fileRef = F5237E112435B6AA00746D81 /* AccessUser.m */; };
		F5237E152435B6B800746D81 /* AccessDepartment.m in Sources */ = {isa = PBXBuildFile; fileRef = F5237E142435B6B800746D81 /* AccessDepartment.m */; };
		F5237E182435B97F00746D81 /* User.m in Sources */ = {isa = PBXBuildFile; fileRef = F5237E172435B97F00746D81 /* User.m */; };
		F5237E1B2435B98900746D81 /* Department.m in Sources */ = {isa = PBXBuildFile; fileRef = F5237E1A2435B98900746D81 /* Department.m */; };
		F55F137623D43C1900779C94 /* AppDelegate.m in Sources */ = {isa = PBXBuildFile; fileRef = F55F137523D43C1900779C94 /* AppDelegate.m */; };
		F55F137923D43C1900779C94 /* SceneDelegate.m in Sources */ = {isa = PBXBuildFile; fileRef = F55F137823D43C1900779C94 /* SceneDelegate.m */; };
		F55F137F23D43C1900779C94 /* Main.storyboard in Resources */ = {isa = PBXBuildFile; fileRef = F55F137D23D43C1900779C94 /* Main.storyboard */; };
		F55F138123D43C1E00779C94 /* Assets.xcassets in Resources */ = {isa = PBXBuildFile; fileRef = F55F138023D43C1E00779C94 /* Assets.xcassets */; };
		F55F138423D43C1E00779C94 /* LaunchScreen.storyboard in Resources */ = {isa = PBXBuildFile; fileRef = F55F138223D43C1E00779C94 /* LaunchScreen.storyboard */; };
		F55F138723D43C1E00779C94 /* main.m in Sources */ = {isa = PBXBuildFile; fileRef = F55F138623D43C1E00779C94 /* main.m */; };
		F55F139123D43C1E00779C94 /* DesignPatternDemoTests.m in Sources */ = {isa = PBXBuildFile; fileRef = F55F139023D43C1E00779C94 /* DesignPatternDemoTests.m */; };
		F55F139C23D43C1E00779C94 /* DesignPatternDemoUITests.m in Sources */ = {isa = PBXBuildFile; fileRef = F55F139B23D43C1E00779C94 /* DesignPatternDemoUITests.m */; };
		F578AEA02431EFC2001DA356 /* README.md in Resources */ = {isa = PBXBuildFile; fileRef = F578AE9F2431EFC2001DA356 /* README.md */; };
		F578AEA424334963001DA356 /* RootViewController.m in Sources */ = {isa = PBXBuildFile; fileRef = F578AEA224334963001DA356 /* RootViewController.m */; };
		F578AEAB24334F86001DA356 /* SimpleFactoryVC.m in Sources */ = {isa = PBXBuildFile; fileRef = F578AEAA24334F86001DA356 /* SimpleFactoryVC.m */; };
		F578AEAE24334F93001DA356 /* FactoryVC.m in Sources */ = {isa = PBXBuildFile; fileRef = F578AEAD24334F93001DA356 /* FactoryVC.m */; };
		F578AEB124334F9E001DA356 /* AbstructFactoryVC.m in Sources */ = {isa = PBXBuildFile; fileRef = F578AEB024334F9E001DA356 /* AbstructFactoryVC.m */; };
		F578AEB424334FB0001DA356 /* SingletonVC.m in Sources */ = {isa = PBXBuildFile; fileRef = F578AEB324334FB0001DA356 /* SingletonVC.m */; };
		F578AEB724334FC5001DA356 /* BuilderVC.m in Sources */ = {isa = PBXBuildFile; fileRef = F578AEB624334FC5001DA356 /* BuilderVC.m */; };
		F578AEBA24334FD1001DA356 /* PrototypeVC.m in Sources */ = {isa = PBXBuildFile; fileRef = F578AEB924334FD1001DA356 /* PrototypeVC.m */; };
		F578AEBD24334FEB001DA356 /* BaseVC.m in Sources */ = {isa = PBXBuildFile; fileRef = F578AEBC24334FEB001DA356 /* BaseVC.m */; };
		F578AEC024335029001DA356 /* AdapterVC.m in Sources */ = {isa = PBXBuildFile; fileRef = F578AEBF24335029001DA356 /* AdapterVC.m */; };
		F578AEC324335036001DA356 /* DecoratorVC.m in Sources */ = {isa = PBXBuildFile; fileRef = F578AEC224335036001DA356 /* DecoratorVC.m */; };
		F578AEC62433503F001DA356 /* ProxyVC.m in Sources */ = {isa = PBXBuildFile; fileRef = F578AEC52433503F001DA356 /* ProxyVC.m */; };
		F578AEC924335048001DA356 /* FacadeVC.m in Sources */ = {isa = PBXBuildFile; fileRef = F578AEC824335048001DA356 /* FacadeVC.m */; };
		F578AECC24335052001DA356 /* BridgeVC.m in Sources */ = {isa = PBXBuildFile; fileRef = F578AECB24335052001DA356 /* BridgeVC.m */; };
		F578AECF24335066001DA356 /* CompositeVC.m in Sources */ = {isa = PBXBuildFile; fileRef = F578AECE24335066001DA356 /* CompositeVC.m */; };
		F578AED224335099001DA356 /* FlyweightVC.m in Sources */ = {isa = PBXBuildFile; fileRef = F578AED124335099001DA356 /* FlyweightVC.m */; };
		F578AED5243350BF001DA356 /* StrategyVC.m in Sources */ = {isa = PBXBuildFile; fileRef = F578AED4243350BF001DA356 /* StrategyVC.m */; };
		F578AED8243350C9001DA356 /* TemplateMethodVC.m in Sources */ = {isa = PBXBuildFile; fileRef = F578AED7243350C9001DA356 /* TemplateMethodVC.m */; };
		F578AEDB243350D5001DA356 /* ObserverVC.m in Sources */ = {isa = PBXBuildFile; fileRef = F578AEDA243350D5001DA356 /* ObserverVC.m */; };
		F578AEDE243350DF001DA356 /* IteratorVC.m in Sources */ = {isa = PBXBuildFile; fileRef = F578AEDD243350DF001DA356 /* IteratorVC.m */; };
		F578AEE1243350EA001DA356 /* ChainOfResponsibilityVC.m in Sources */ = {isa = PBXBuildFile; fileRef = F578AEE0243350EA001DA356 /* ChainOfResponsibilityVC.m */; };
		F578AEE4243350F4001DA356 /* CommandVC.m in Sources */ = {isa = PBXBuildFile; fileRef = F578AEE3243350F4001DA356 /* CommandVC.m */; };
		F578AEE7243350FE001DA356 /* MementoVC.m in Sources */ = {isa = PBXBuildFile; fileRef = F578AEE6243350FE001DA356 /* MementoVC.m */; };
		F578AEEA24335109001DA356 /* StateVC.m in Sources */ = {isa = PBXBuildFile; fileRef = F578AEE924335109001DA356 /* StateVC.m */; };
		F578AEED2433512C001DA356 /* VisitorVC.m in Sources */ = {isa = PBXBuildFile; fileRef = F578AEEC2433512C001DA356 /* VisitorVC.m */; };
		F578AEF024335137001DA356 /* MediatorVC.m in Sources */ = {isa = PBXBuildFile; fileRef = F578AEEF24335137001DA356 /* MediatorVC.m */; };
		F578AEF324335141001DA356 /* InterpreterVC.m in Sources */ = {isa = PBXBuildFile; fileRef = F578AEF224335141001DA356 /* InterpreterVC.m */; };
		F578AF0E243582DD001DA356 /* CalculateSimpleFactory.m in Sources */ = {isa = PBXBuildFile; fileRef = F578AF0D243582DD001DA356 /* CalculateSimpleFactory.m */; };
		F5E297DD2435852B00F7120F /* OperationAdd.m in Sources */ = {isa = PBXBuildFile; fileRef = F5E297DC2435852B00F7120F /* OperationAdd.m */; };
		F5E297E0243586D000F7120F /* OperationSub.m in Sources */ = {isa = PBXBuildFile; fileRef = F5E297DF243586D000F7120F /* OperationSub.m */; };
		F5E297E3243586E800F7120F /* OperationMul.m in Sources */ = {isa = PBXBuildFile; fileRef = F5E297E2243586E800F7120F /* OperationMul.m */; };
		F5E297E62435870300F7120F /* OperationDiv.m in Sources */ = {isa = PBXBuildFile; fileRef = F5E297E52435870300F7120F /* OperationDiv.m */; };
/* End PBXBuildFile section */

/* Begin PBXContainerItemProxy section */
		F55F138D23D43C1E00779C94 /* PBXContainerItemProxy */ = {
			isa = PBXContainerItemProxy;
			containerPortal = F55F136923D43C1900779C94 /* Project object */;
			proxyType = 1;
			remoteGlobalIDString = F55F137023D43C1900779C94;
			remoteInfo = DesignPatternDemo;
		};
		F55F139823D43C1E00779C94 /* PBXContainerItemProxy */ = {
			isa = PBXContainerItemProxy;
			containerPortal = F55F136923D43C1900779C94 /* Project object */;
			proxyType = 1;
			remoteGlobalIDString = F55F137023D43C1900779C94;
			remoteInfo = DesignPatternDemo;
		};
/* End PBXContainerItemProxy section */

/* Begin PBXFileReference section */
		F5237DF424358D4200746D81 /* AddFactory.h */ = {isa = PBXFileReference; lastKnownFileType = sourcecode.c.h; path = AddFactory.h; sourceTree = "<group>"; };
		F5237DF524358D4200746D81 /* AddFactory.m */ = {isa = PBXFileReference; lastKnownFileType = sourcecode.c.objc; path = AddFactory.m; sourceTree = "<group>"; };
		F5237DF7243590A700746D81 /* IFactoryProtocol.h */ = {isa = PBXFileReference; lastKnownFileType = sourcecode.c.h; path = IFactoryProtocol.h; sourceTree = "<group>"; };
		F5237DF82435917A00746D81 /* SubFactory.h */ = {isa = PBXFileReference; lastKnownFileType = sourcecode.c.h; path = SubFactory.h; sourceTree = "<group>"; };
		F5237DF92435917A00746D81 /* SubFactory.m */ = {isa = PBXFileReference; lastKnownFileType = sourcecode.c.objc; path = SubFactory.m; sourceTree = "<group>"; };
		F5237DFB2435918000746D81 /* MulFactory.h */ = {isa = PBXFileReference; lastKnownFileType = sourcecode.c.h; path = MulFactory.h; sourceTree = "<group>"; };
		F5237DFC2435918000746D81 /* MulFactory.m */ = {isa = PBXFileReference; lastKnownFileType = sourcecode.c.objc; path = MulFactory.m; sourceTree = "<group>"; };
		F5237DFE2435918800746D81 /* DivFactory.h */ = {isa = PBXFileReference; lastKnownFileType = sourcecode.c.h; path = DivFactory.h; sourceTree = "<group>"; };
		F5237DFF2435918800746D81 /* DivFactory.m */ = {isa = PBXFileReference; lastKnownFileType = sourcecode.c.objc; path = DivFactory.m; sourceTree = "<group>"; };
		F5237E012435B54600746D81 /* IAbstructFactoryProtocol.h */ = {isa = PBXFileReference; lastKnownFileType = sourcecode.c.h; path = IAbstructFactoryProtocol.h; sourceTree = "<group>"; };
		F5237E022435B5BA00746D81 /* IUserProtocol.h */ = {isa = PBXFileReference; lastKnownFileType = sourcecode.c.h; path = IUserProtocol.h; sourceTree = "<group>"; };
		F5237E032435B5C900746D81 /* IDepartmentProtocol.h */ = {isa = PBXFileReference; lastKnownFileType = sourcecode.c.h; path = IDepartmentProtocol.h; sourceTree = "<group>"; };
		F5237E042435B62300746D81 /* SqlserverFactory.h */ = {isa = PBXFileReference; lastKnownFileType = sourcecode.c.h; path = SqlserverFactory.h; sourceTree = "<group>"; };
		F5237E052435B62300746D81 /* SqlserverFactory.m */ = {isa = PBXFileReference; lastKnownFileType = sourcecode.c.objc; path = SqlserverFactory.m; sourceTree = "<group>"; };
		F5237E072435B63A00746D81 /* AccessFactory.h */ = {isa = PBXFileReference; lastKnownFileType = sourcecode.c.h; path = AccessFactory.h; sourceTree = "<group>"; };
		F5237E082435B63A00746D81 /* AccessFactory.m */ = {isa = PBXFileReference; lastKnownFileType = sourcecode.c.objc; path = AccessFactory.m; sourceTree = "<group>"; };
		F5237E0A2435B68900746D81 /* SqlserverUser.h */ = {isa = PBXFileReference; lastKnownFileType = sourcecode.c.h; path = SqlserverUser.h; sourceTree = "<group>"; };
		F5237E0B2435B68900746D81 /* SqlserverUser.m */ = {isa = PBXFileReference; lastKnownFileType = sourcecode.c.objc; path = SqlserverUser.m; sourceTree = "<group>"; };
		F5237E0D2435B69E00746D81 /* SqlserverDepartment.h */ = {isa = PBXFileReference; lastKnownFileType = sourcecode.c.h; path = SqlserverDepartment.h; sourceTree = "<group>"; };
		F5237E0E2435B69E00746D81 /* SqlserverDepartment.m */ = {isa = PBXFileReference; lastKnownFileType = sourcecode.c.objc; path = SqlserverDepartment.m; sourceTree = "<group>"; };
		F5237E102435B6AA00746D81 /* AccessUser.h */ = {isa = PBXFileReference; lastKnownFileType = sourcecode.c.h; path = AccessUser.h; sourceTree = "<group>"; };
		F5237E112435B6AA00746D81 /* AccessUser.m */ = {isa = PBXFileReference; lastKnownFileType = sourcecode.c.objc; path = AccessUser.m; sourceTree = "<group>"; };
		F5237E132435B6B800746D81 /* AccessDepartment.h */ = {isa = PBXFileReference; lastKnownFileType = sourcecode.c.h; path = AccessDepartment.h; sourceTree = "<group>"; };
		F5237E142435B6B800746D81 /* AccessDepartment.m */ = {isa = PBXFileReference; lastKnownFileType = sourcecode.c.objc; path = AccessDepartment.m; sourceTree = "<group>"; };
		F5237E162435B97F00746D81 /* User.h */ = {isa = PBXFileReference; lastKnownFileType = sourcecode.c.h; path = User.h; sourceTree = "<group>"; };
		F5237E172435B97F00746D81 /* User.m */ = {isa = PBXFileReference; lastKnownFileType = sourcecode.c.objc; path = User.m; sourceTree = "<group>"; };
		F5237E192435B98900746D81 /* Department.h */ = {isa = PBXFileReference; lastKnownFileType = sourcecode.c.h; path = Department.h; sourceTree = "<group>"; };
		F5237E1A2435B98900746D81 /* Department.m */ = {isa = PBXFileReference; lastKnownFileType = sourcecode.c.objc; path = Department.m; sourceTree = "<group>"; };
		F55F137123D43C1900779C94 /* DesignPatternDemo.app */ = {isa = PBXFileReference; explicitFileType = wrapper.application; includeInIndex = 0; path = DesignPatternDemo.app; sourceTree = BUILT_PRODUCTS_DIR; };
		F55F137423D43C1900779C94 /* AppDelegate.h */ = {isa = PBXFileReference; lastKnownFileType = sourcecode.c.h; path = AppDelegate.h; sourceTree = "<group>"; };
		F55F137523D43C1900779C94 /* AppDelegate.m */ = {isa = PBXFileReference; lastKnownFileType = sourcecode.c.objc; path = AppDelegate.m; sourceTree = "<group>"; };
		F55F137723D43C1900779C94 /* SceneDelegate.h */ = {isa = PBXFileReference; lastKnownFileType = sourcecode.c.h; path = SceneDelegate.h; sourceTree = "<group>"; };
		F55F137823D43C1900779C94 /* SceneDelegate.m */ = {isa = PBXFileReference; lastKnownFileType = sourcecode.c.objc; path = SceneDelegate.m; sourceTree = "<group>"; };
		F55F137E23D43C1900779C94 /* Base */ = {isa = PBXFileReference; lastKnownFileType = file.storyboard; name = Base; path = Base.lproj/Main.storyboard; sourceTree = "<group>"; };
		F55F138023D43C1E00779C94 /* Assets.xcassets */ = {isa = PBXFileReference; lastKnownFileType = folder.assetcatalog; path = Assets.xcassets; sourceTree = "<group>"; };
		F55F138323D43C1E00779C94 /* Base */ = {isa = PBXFileReference; lastKnownFileType = file.storyboard; name = Base; path = Base.lproj/LaunchScreen.storyboard; sourceTree = "<group>"; };
		F55F138523D43C1E00779C94 /* Info.plist */ = {isa = PBXFileReference; lastKnownFileType = text.plist.xml; path = Info.plist; sourceTree = "<group>"; };
		F55F138623D43C1E00779C94 /* main.m */ = {isa = PBXFileReference; lastKnownFileType = sourcecode.c.objc; path = main.m; sourceTree = "<group>"; };
		F55F138C23D43C1E00779C94 /* DesignPatternDemoTests.xctest */ = {isa = PBXFileReference; explicitFileType = wrapper.cfbundle; includeInIndex = 0; path = DesignPatternDemoTests.xctest; sourceTree = BUILT_PRODUCTS_DIR; };
		F55F139023D43C1E00779C94 /* DesignPatternDemoTests.m */ = {isa = PBXFileReference; lastKnownFileType = sourcecode.c.objc; path = DesignPatternDemoTests.m; sourceTree = "<group>"; };
		F55F139223D43C1E00779C94 /* Info.plist */ = {isa = PBXFileReference; lastKnownFileType = text.plist.xml; path = Info.plist; sourceTree = "<group>"; };
		F55F139723D43C1E00779C94 /* DesignPatternDemoUITests.xctest */ = {isa = PBXFileReference; explicitFileType = wrapper.cfbundle; includeInIndex = 0; path = DesignPatternDemoUITests.xctest; sourceTree = BUILT_PRODUCTS_DIR; };
		F55F139B23D43C1E00779C94 /* DesignPatternDemoUITests.m */ = {isa = PBXFileReference; lastKnownFileType = sourcecode.c.objc; path = DesignPatternDemoUITests.m; sourceTree = "<group>"; };
		F55F139D23D43C1E00779C94 /* Info.plist */ = {isa = PBXFileReference; lastKnownFileType = text.plist.xml; path = Info.plist; sourceTree = "<group>"; };
		F578AE9F2431EFC2001DA356 /* README.md */ = {isa = PBXFileReference; fileEncoding = 4; lastKnownFileType = net.daringfireball.markdown; path = README.md; sourceTree = SOURCE_ROOT; };
		F578AEA224334963001DA356 /* RootViewController.m */ = {isa = PBXFileReference; fileEncoding = 4; lastKnownFileType = sourcecode.c.objc; path = RootViewController.m; sourceTree = "<group>"; };
		F578AEA324334963001DA356 /* RootViewController.h */ = {isa = PBXFileReference; fileEncoding = 4; lastKnownFileType = sourcecode.c.h; path = RootViewController.h; sourceTree = "<group>"; };
		F578AEA924334F86001DA356 /* SimpleFactoryVC.h */ = {isa = PBXFileReference; lastKnownFileType = sourcecode.c.h; path = SimpleFactoryVC.h; sourceTree = "<group>"; };
		F578AEAA24334F86001DA356 /* SimpleFactoryVC.m */ = {isa = PBXFileReference; lastKnownFileType = sourcecode.c.objc; path = SimpleFactoryVC.m; sourceTree = "<group>"; };
		F578AEAC24334F93001DA356 /* FactoryVC.h */ = {isa = PBXFileReference; lastKnownFileType = sourcecode.c.h; path = FactoryVC.h; sourceTree = "<group>"; };
		F578AEAD24334F93001DA356 /* FactoryVC.m */ = {isa = PBXFileReference; lastKnownFileType = sourcecode.c.objc; path = FactoryVC.m; sourceTree = "<group>"; };
		F578AEAF24334F9E001DA356 /* AbstructFactoryVC.h */ = {isa = PBXFileReference; lastKnownFileType = sourcecode.c.h; path = AbstructFactoryVC.h; sourceTree = "<group>"; };
		F578AEB024334F9E001DA356 /* AbstructFactoryVC.m */ = {isa = PBXFileReference; lastKnownFileType = sourcecode.c.objc; path = AbstructFactoryVC.m; sourceTree = "<group>"; };
		F578AEB224334FB0001DA356 /* SingletonVC.h */ = {isa = PBXFileReference; lastKnownFileType = sourcecode.c.h; path = SingletonVC.h; sourceTree = "<group>"; };
		F578AEB324334FB0001DA356 /* SingletonVC.m */ = {isa = PBXFileReference; lastKnownFileType = sourcecode.c.objc; path = SingletonVC.m; sourceTree = "<group>"; };
		F578AEB524334FC5001DA356 /* BuilderVC.h */ = {isa = PBXFileReference; lastKnownFileType = sourcecode.c.h; path = BuilderVC.h; sourceTree = "<group>"; };
		F578AEB624334FC5001DA356 /* BuilderVC.m */ = {isa = PBXFileReference; lastKnownFileType = sourcecode.c.objc; path = BuilderVC.m; sourceTree = "<group>"; };
		F578AEB824334FD1001DA356 /* PrototypeVC.h */ = {isa = PBXFileReference; lastKnownFileType = sourcecode.c.h; path = PrototypeVC.h; sourceTree = "<group>"; };
		F578AEB924334FD1001DA356 /* PrototypeVC.m */ = {isa = PBXFileReference; lastKnownFileType = sourcecode.c.objc; path = PrototypeVC.m; sourceTree = "<group>"; };
		F578AEBB24334FEB001DA356 /* BaseVC.h */ = {isa = PBXFileReference; lastKnownFileType = sourcecode.c.h; path = BaseVC.h; sourceTree = "<group>"; };
		F578AEBC24334FEB001DA356 /* BaseVC.m */ = {isa = PBXFileReference; lastKnownFileType = sourcecode.c.objc; path = BaseVC.m; sourceTree = "<group>"; };
		F578AEBE24335029001DA356 /* AdapterVC.h */ = {isa = PBXFileReference; lastKnownFileType = sourcecode.c.h; path = AdapterVC.h; sourceTree = "<group>"; };
		F578AEBF24335029001DA356 /* AdapterVC.m */ = {isa = PBXFileReference; lastKnownFileType = sourcecode.c.objc; path = AdapterVC.m; sourceTree = "<group>"; };
		F578AEC124335036001DA356 /* DecoratorVC.h */ = {isa = PBXFileReference; lastKnownFileType = sourcecode.c.h; path = DecoratorVC.h; sourceTree = "<group>"; };
		F578AEC224335036001DA356 /* DecoratorVC.m */ = {isa = PBXFileReference; lastKnownFileType = sourcecode.c.objc; path = DecoratorVC.m; sourceTree = "<group>"; };
		F578AEC42433503F001DA356 /* ProxyVC.h */ = {isa = PBXFileReference; lastKnownFileType = sourcecode.c.h; path = ProxyVC.h; sourceTree = "<group>"; };
		F578AEC52433503F001DA356 /* ProxyVC.m */ = {isa = PBXFileReference; lastKnownFileType = sourcecode.c.objc; path = ProxyVC.m; sourceTree = "<group>"; };
		F578AEC724335048001DA356 /* FacadeVC.h */ = {isa = PBXFileReference; lastKnownFileType = sourcecode.c.h; path = FacadeVC.h; sourceTree = "<group>"; };
		F578AEC824335048001DA356 /* FacadeVC.m */ = {isa = PBXFileReference; lastKnownFileType = sourcecode.c.objc; path = FacadeVC.m; sourceTree = "<group>"; };
		F578AECA24335052001DA356 /* BridgeVC.h */ = {isa = PBXFileReference; lastKnownFileType = sourcecode.c.h; path = BridgeVC.h; sourceTree = "<group>"; };
		F578AECB24335052001DA356 /* BridgeVC.m */ = {isa = PBXFileReference; lastKnownFileType = sourcecode.c.objc; path = BridgeVC.m; sourceTree = "<group>"; };
		F578AECD24335066001DA356 /* CompositeVC.h */ = {isa = PBXFileReference; lastKnownFileType = sourcecode.c.h; path = CompositeVC.h; sourceTree = "<group>"; };
		F578AECE24335066001DA356 /* CompositeVC.m */ = {isa = PBXFileReference; lastKnownFileType = sourcecode.c.objc; path = CompositeVC.m; sourceTree = "<group>"; };
		F578AED024335099001DA356 /* FlyweightVC.h */ = {isa = PBXFileReference; lastKnownFileType = sourcecode.c.h; path = FlyweightVC.h; sourceTree = "<group>"; };
		F578AED124335099001DA356 /* FlyweightVC.m */ = {isa = PBXFileReference; lastKnownFileType = sourcecode.c.objc; path = FlyweightVC.m; sourceTree = "<group>"; };
		F578AED3243350BF001DA356 /* StrategyVC.h */ = {isa = PBXFileReference; lastKnownFileType = sourcecode.c.h; path = StrategyVC.h; sourceTree = "<group>"; };
		F578AED4243350BF001DA356 /* StrategyVC.m */ = {isa = PBXFileReference; lastKnownFileType = sourcecode.c.objc; path = StrategyVC.m; sourceTree = "<group>"; };
		F578AED6243350C9001DA356 /* TemplateMethodVC.h */ = {isa = PBXFileReference; lastKnownFileType = sourcecode.c.h; path = TemplateMethodVC.h; sourceTree = "<group>"; };
		F578AED7243350C9001DA356 /* TemplateMethodVC.m */ = {isa = PBXFileReference; lastKnownFileType = sourcecode.c.objc; path = TemplateMethodVC.m; sourceTree = "<group>"; };
		F578AED9243350D5001DA356 /* ObserverVC.h */ = {isa = PBXFileReference; lastKnownFileType = sourcecode.c.h; path = ObserverVC.h; sourceTree = "<group>"; };
		F578AEDA243350D5001DA356 /* ObserverVC.m */ = {isa = PBXFileReference; lastKnownFileType = sourcecode.c.objc; path = ObserverVC.m; sourceTree = "<group>"; };
		F578AEDC243350DF001DA356 /* IteratorVC.h */ = {isa = PBXFileReference; lastKnownFileType = sourcecode.c.h; path = IteratorVC.h; sourceTree = "<group>"; };
		F578AEDD243350DF001DA356 /* IteratorVC.m */ = {isa = PBXFileReference; lastKnownFileType = sourcecode.c.objc; path = IteratorVC.m; sourceTree = "<group>"; };
		F578AEDF243350EA001DA356 /* ChainOfResponsibilityVC.h */ = {isa = PBXFileReference; lastKnownFileType = sourcecode.c.h; path = ChainOfResponsibilityVC.h; sourceTree = "<group>"; };
		F578AEE0243350EA001DA356 /* ChainOfResponsibilityVC.m */ = {isa = PBXFileReference; lastKnownFileType = sourcecode.c.objc; path = ChainOfResponsibilityVC.m; sourceTree = "<group>"; };
		F578AEE2243350F4001DA356 /* CommandVC.h */ = {isa = PBXFileReference; lastKnownFileType = sourcecode.c.h; path = CommandVC.h; sourceTree = "<group>"; };
		F578AEE3243350F4001DA356 /* CommandVC.m */ = {isa = PBXFileReference; lastKnownFileType = sourcecode.c.objc; path = CommandVC.m; sourceTree = "<group>"; };
		F578AEE5243350FE001DA356 /* MementoVC.h */ = {isa = PBXFileReference; lastKnownFileType = sourcecode.c.h; path = MementoVC.h; sourceTree = "<group>"; };
		F578AEE6243350FE001DA356 /* MementoVC.m */ = {isa = PBXFileReference; lastKnownFileType = sourcecode.c.objc; path = MementoVC.m; sourceTree = "<group>"; };
		F578AEE824335109001DA356 /* StateVC.h */ = {isa = PBXFileReference; lastKnownFileType = sourcecode.c.h; path = StateVC.h; sourceTree = "<group>"; };
		F578AEE924335109001DA356 /* StateVC.m */ = {isa = PBXFileReference; lastKnownFileType = sourcecode.c.objc; path = StateVC.m; sourceTree = "<group>"; };
		F578AEEB2433512C001DA356 /* VisitorVC.h */ = {isa = PBXFileReference; lastKnownFileType = sourcecode.c.h; path = VisitorVC.h; sourceTree = "<group>"; };
		F578AEEC2433512C001DA356 /* VisitorVC.m */ = {isa = PBXFileReference; lastKnownFileType = sourcecode.c.objc; path = VisitorVC.m; sourceTree = "<group>"; };
		F578AEEE24335137001DA356 /* MediatorVC.h */ = {isa = PBXFileReference; lastKnownFileType = sourcecode.c.h; path = MediatorVC.h; sourceTree = "<group>"; };
		F578AEEF24335137001DA356 /* MediatorVC.m */ = {isa = PBXFileReference; lastKnownFileType = sourcecode.c.objc; path = MediatorVC.m; sourceTree = "<group>"; };
		F578AEF124335141001DA356 /* InterpreterVC.h */ = {isa = PBXFileReference; lastKnownFileType = sourcecode.c.h; path = InterpreterVC.h; sourceTree = "<group>"; };
		F578AEF224335141001DA356 /* InterpreterVC.m */ = {isa = PBXFileReference; lastKnownFileType = sourcecode.c.objc; path = InterpreterVC.m; sourceTree = "<group>"; };
		F578AF0C243582DD001DA356 /* CalculateSimpleFactory.h */ = {isa = PBXFileReference; lastKnownFileType = sourcecode.c.h; path = CalculateSimpleFactory.h; sourceTree = "<group>"; };
		F578AF0D243582DD001DA356 /* CalculateSimpleFactory.m */ = {isa = PBXFileReference; lastKnownFileType = sourcecode.c.objc; path = CalculateSimpleFactory.m; sourceTree = "<group>"; };
		F578AF0F2435830C001DA356 /* IOperationProtocol.h */ = {isa = PBXFileReference; lastKnownFileType = sourcecode.c.h; path = IOperationProtocol.h; sourceTree = "<group>"; };
		F5E297DB2435852B00F7120F /* OperationAdd.h */ = {isa = PBXFileReference; lastKnownFileType = sourcecode.c.h; path = OperationAdd.h; sourceTree = "<group>"; };
		F5E297DC2435852B00F7120F /* OperationAdd.m */ = {isa = PBXFileReference; lastKnownFileType = sourcecode.c.objc; path = OperationAdd.m; sourceTree = "<group>"; };
		F5E297DE243586D000F7120F /* OperationSub.h */ = {isa = PBXFileReference; lastKnownFileType = sourcecode.c.h; path = OperationSub.h; sourceTree = "<group>"; };
		F5E297DF243586D000F7120F /* OperationSub.m */ = {isa = PBXFileReference; lastKnownFileType = sourcecode.c.objc; path = OperationSub.m; sourceTree = "<group>"; };
		F5E297E1243586E800F7120F /* OperationMul.h */ = {isa = PBXFileReference; lastKnownFileType = sourcecode.c.h; path = OperationMul.h; sourceTree = "<group>"; };
		F5E297E2243586E800F7120F /* OperationMul.m */ = {isa = PBXFileReference; lastKnownFileType = sourcecode.c.objc; path = OperationMul.m; sourceTree = "<group>"; };
		F5E297E42435870300F7120F /* OperationDiv.h */ = {isa = PBXFileReference; lastKnownFileType = sourcecode.c.h; path = OperationDiv.h; sourceTree = "<group>"; };
		F5E297E52435870300F7120F /* OperationDiv.m */ = {isa = PBXFileReference; lastKnownFileType = sourcecode.c.objc; path = OperationDiv.m; sourceTree = "<group>"; };
/* End PBXFileReference section */

/* Begin PBXFrameworksBuildPhase section */
		F55F136E23D43C1900779C94 /* Frameworks */ = {
			isa = PBXFrameworksBuildPhase;
			buildActionMask = 2147483647;
			files = (
			);
			runOnlyForDeploymentPostprocessing = 0;
		};
		F55F138923D43C1E00779C94 /* Frameworks */ = {
			isa = PBXFrameworksBuildPhase;
			buildActionMask = 2147483647;
			files = (
			);
			runOnlyForDeploymentPostprocessing = 0;
		};
		F55F139423D43C1E00779C94 /* Frameworks */ = {
			isa = PBXFrameworksBuildPhase;
			buildActionMask = 2147483647;
			files = (
			);
			runOnlyForDeploymentPostprocessing = 0;
		};
/* End PBXFrameworksBuildPhase section */

/* Begin PBXGroup section */
		F55F136823D43C1900779C94 = {
			isa = PBXGroup;
			children = (
				F55F137323D43C1900779C94 /* DesignPatternDemo */,
				F55F138F23D43C1E00779C94 /* DesignPatternDemoTests */,
				F55F139A23D43C1E00779C94 /* DesignPatternDemoUITests */,
				F55F137223D43C1900779C94 /* Products */,
			);
			sourceTree = "<group>";
		};
		F55F137223D43C1900779C94 /* Products */ = {
			isa = PBXGroup;
			children = (
				F55F137123D43C1900779C94 /* DesignPatternDemo.app */,
				F55F138C23D43C1E00779C94 /* DesignPatternDemoTests.xctest */,
				F55F139723D43C1E00779C94 /* DesignPatternDemoUITests.xctest */,
			);
			name = Products;
			sourceTree = "<group>";
		};
		F55F137323D43C1900779C94 /* DesignPatternDemo */ = {
			isa = PBXGroup;
			children = (
				F578AEA12433493B001DA356 /* Controller */,
				F55F137423D43C1900779C94 /* AppDelegate.h */,
				F55F137523D43C1900779C94 /* AppDelegate.m */,
				F55F137723D43C1900779C94 /* SceneDelegate.h */,
				F55F137823D43C1900779C94 /* SceneDelegate.m */,
				F55F137D23D43C1900779C94 /* Main.storyboard */,
				F578AE9F2431EFC2001DA356 /* README.md */,
				F55F138023D43C1E00779C94 /* Assets.xcassets */,
				F55F138223D43C1E00779C94 /* LaunchScreen.storyboard */,
				F55F138523D43C1E00779C94 /* Info.plist */,
				F55F138623D43C1E00779C94 /* main.m */,
			);
			path = DesignPatternDemo;
			sourceTree = "<group>";
		};
		F55F138F23D43C1E00779C94 /* DesignPatternDemoTests */ = {
			isa = PBXGroup;
			children = (
				F55F139023D43C1E00779C94 /* DesignPatternDemoTests.m */,
				F55F139223D43C1E00779C94 /* Info.plist */,
			);
			path = DesignPatternDemoTests;
			sourceTree = "<group>";
		};
		F55F139A23D43C1E00779C94 /* DesignPatternDemoUITests */ = {
			isa = PBXGroup;
			children = (
				F55F139B23D43C1E00779C94 /* DesignPatternDemoUITests.m */,
				F55F139D23D43C1E00779C94 /* Info.plist */,
			);
			path = DesignPatternDemoUITests;
			sourceTree = "<group>";
		};
		F578AEA12433493B001DA356 /* Controller */ = {
			isa = PBXGroup;
			children = (
				F578AEBB24334FEB001DA356 /* BaseVC.h */,
				F578AEBC24334FEB001DA356 /* BaseVC.m */,
				F578AEA324334963001DA356 /* RootViewController.h */,
				F578AEA224334963001DA356 /* RootViewController.m */,
				F578AEA824334AFC001DA356 /* behaviorType */,
				F578AEA624334ABD001DA356 /* structureType */,
				F578AEA524334AAC001DA356 /* CreateType */,
			);
			path = Controller;
			sourceTree = "<group>";
		};
		F578AEA524334AAC001DA356 /* CreateType */ = {
			isa = PBXGroup;
			children = (
				F578AEF924349DFD001DA356 /* Prototype */,
				F578AEF824349DF4001DA356 /* Builder */,
				F578AEF724349DEB001DA356 /* Singleton */,
				F578AEF624349DE2001DA356 /* AbstructFactory */,
				F578AEF524349DCD001DA356 /* Factory */,
				F578AEF424349DBB001DA356 /* SimpleFactory */,
			);
			name = CreateType;
			sourceTree = "<group>";
		};
		F578AEA624334ABD001DA356 /* structureType */ = {
			isa = PBXGroup;
			children = (
				F578AF0024349E4F001DA356 /* Flyweight */,
				F578AEFF24349E47001DA356 /* Composite */,
				F578AEFE24349E40001DA356 /* Bridge */,
				F578AEFD24349E36001DA356 /* Facade */,
				F578AEFC24349E2D001DA356 /* Proxy */,
				F578AEFB24349E25001DA356 /* Decorator */,
				F578AEFA24349E1E001DA356 /* Adapter */,
			);
			name = structureType;
			sourceTree = "<group>";
		};
		F578AEA824334AFC001DA356 /* behaviorType */ = {
			isa = PBXGroup;
			children = (
				F578AF0B24349EBF001DA356 /* Interpreter */,
				F578AF0A24349EB7001DA356 /* Mediator */,
				F578AF0924349EAF001DA356 /* Visitor */,
				F578AF0824349EA8001DA356 /* State */,
				F578AF0724349EA0001DA356 /* Memento */,
				F578AF0624349E98001DA356 /* Command */,
				F578AF0524349E91001DA356 /* ChainOfResponsibility */,
				F578AF0424349E8A001DA356 /* Iterator */,
				F578AF0324349E83001DA356 /* Observer */,
				F578AF0224349E7C001DA356 /* TemplateMethod */,
				F578AF0124349E75001DA356 /* Strategy */,
			);
			name = behaviorType;
			sourceTree = "<group>";
		};
		F578AEF424349DBB001DA356 /* SimpleFactory */ = {
			isa = PBXGroup;
			children = (
				F578AF0F2435830C001DA356 /* IOperationProtocol.h */,
				F5E297DB2435852B00F7120F /* OperationAdd.h */,
				F5E297DC2435852B00F7120F /* OperationAdd.m */,
				F5E297DE243586D000F7120F /* OperationSub.h */,
				F5E297DF243586D000F7120F /* OperationSub.m */,
				F5E297E1243586E800F7120F /* OperationMul.h */,
				F5E297E2243586E800F7120F /* OperationMul.m */,
				F5E297E42435870300F7120F /* OperationDiv.h */,
				F5E297E52435870300F7120F /* OperationDiv.m */,
				F578AEA924334F86001DA356 /* SimpleFactoryVC.h */,
				F578AEAA24334F86001DA356 /* SimpleFactoryVC.m */,
				F578AF0C243582DD001DA356 /* CalculateSimpleFactory.h */,
				F578AF0D243582DD001DA356 /* CalculateSimpleFactory.m */,
			);
			name = SimpleFactory;
			sourceTree = "<group>";
		};
		F578AEF524349DCD001DA356 /* Factory */ = {
			isa = PBXGroup;
			children = (
				F578AEAC24334F93001DA356 /* FactoryVC.h */,
				F578AEAD24334F93001DA356 /* FactoryVC.m */,
				F5237DF424358D4200746D81 /* AddFactory.h */,
				F5237DF524358D4200746D81 /* AddFactory.m */,
				F5237DF7243590A700746D81 /* IFactoryProtocol.h */,
				F5237DF82435917A00746D81 /* SubFactory.h */,
				F5237DF92435917A00746D81 /* SubFactory.m */,
				F5237DFB2435918000746D81 /* MulFactory.h */,
				F5237DFC2435918000746D81 /* MulFactory.m */,
				F5237DFE2435918800746D81 /* DivFactory.h */,
				F5237DFF2435918800746D81 /* DivFactory.m */,
			);
			name = Factory;
			sourceTree = "<group>";
		};
		F578AEF624349DE2001DA356 /* AbstructFactory */ = {
			isa = PBXGroup;
			children = (
				F578AEAF24334F9E001DA356 /* AbstructFactoryVC.h */,
				F578AEB024334F9E001DA356 /* AbstructFactoryVC.m */,
				F5237E012435B54600746D81 /* IAbstructFactoryProtocol.h */,
				F5237E022435B5BA00746D81 /* IUserProtocol.h */,
				F5237E032435B5C900746D81 /* IDepartmentProtocol.h */,
				F5237E042435B62300746D81 /* SqlserverFactory.h */,
				F5237E052435B62300746D81 /* SqlserverFactory.m */,
				F5237E072435B63A00746D81 /* AccessFactory.h */,
				F5237E082435B63A00746D81 /* AccessFactory.m */,
				F5237E0A2435B68900746D81 /* SqlserverUser.h */,
				F5237E0B2435B68900746D81 /* SqlserverUser.m */,
				F5237E0D2435B69E00746D81 /* SqlserverDepartment.h */,
				F5237E0E2435B69E00746D81 /* SqlserverDepartment.m */,
				F5237E102435B6AA00746D81 /* AccessUser.h */,
				F5237E112435B6AA00746D81 /* AccessUser.m */,
				F5237E132435B6B800746D81 /* AccessDepartment.h */,
				F5237E142435B6B800746D81 /* AccessDepartment.m */,
				F5237E162435B97F00746D81 /* User.h */,
				F5237E172435B97F00746D81 /* User.m */,
				F5237E192435B98900746D81 /* Department.h */,
				F5237E1A2435B98900746D81 /* Department.m */,
			);
			name = AbstructFactory;
			sourceTree = "<group>";
		};
		F578AEF724349DEB001DA356 /* Singleton */ = {
			isa = PBXGroup;
			children = (
				F578AEB224334FB0001DA356 /* SingletonVC.h */,
				F578AEB324334FB0001DA356 /* SingletonVC.m */,
			);
			name = Singleton;
			sourceTree = "<group>";
		};
		F578AEF824349DF4001DA356 /* Builder */ = {
			isa = PBXGroup;
			children = (
				F578AEB524334FC5001DA356 /* BuilderVC.h */,
				F578AEB624334FC5001DA356 /* BuilderVC.m */,
			);
			name = Builder;
			sourceTree = "<group>";
		};
		F578AEF924349DFD001DA356 /* Prototype */ = {
			isa = PBXGroup;
			children = (
				F578AEB824334FD1001DA356 /* PrototypeVC.h */,
				F578AEB924334FD1001DA356 /* PrototypeVC.m */,
			);
			name = Prototype;
			sourceTree = "<group>";
		};
		F578AEFA24349E1E001DA356 /* Adapter */ = {
			isa = PBXGroup;
			children = (
				F578AEBE24335029001DA356 /* AdapterVC.h */,
				F578AEBF24335029001DA356 /* AdapterVC.m */,
			);
			name = Adapter;
			sourceTree = "<group>";
		};
		F578AEFB24349E25001DA356 /* Decorator */ = {
			isa = PBXGroup;
			children = (
				F578AEC124335036001DA356 /* DecoratorVC.h */,
				F578AEC224335036001DA356 /* DecoratorVC.m */,
			);
			name = Decorator;
			sourceTree = "<group>";
		};
		F578AEFC24349E2D001DA356 /* Proxy */ = {
			isa = PBXGroup;
			children = (
				F578AEC42433503F001DA356 /* ProxyVC.h */,
				F578AEC52433503F001DA356 /* ProxyVC.m */,
			);
			name = Proxy;
			sourceTree = "<group>";
		};
		F578AEFD24349E36001DA356 /* Facade */ = {
			isa = PBXGroup;
			children = (
				F578AEC724335048001DA356 /* FacadeVC.h */,
				F578AEC824335048001DA356 /* FacadeVC.m */,
			);
			name = Facade;
			sourceTree = "<group>";
		};
		F578AEFE24349E40001DA356 /* Bridge */ = {
			isa = PBXGroup;
			children = (
				F578AECA24335052001DA356 /* BridgeVC.h */,
				F578AECB24335052001DA356 /* BridgeVC.m */,
			);
			name = Bridge;
			sourceTree = "<group>";
		};
		F578AEFF24349E47001DA356 /* Composite */ = {
			isa = PBXGroup;
			children = (
				F578AECD24335066001DA356 /* CompositeVC.h */,
				F578AECE24335066001DA356 /* CompositeVC.m */,
			);
			name = Composite;
			sourceTree = "<group>";
		};
		F578AF0024349E4F001DA356 /* Flyweight */ = {
			isa = PBXGroup;
			children = (
				F578AED024335099001DA356 /* FlyweightVC.h */,
				F578AED124335099001DA356 /* FlyweightVC.m */,
			);
			name = Flyweight;
			sourceTree = "<group>";
		};
		F578AF0124349E75001DA356 /* Strategy */ = {
			isa = PBXGroup;
			children = (
				F578AED3243350BF001DA356 /* StrategyVC.h */,
				F578AED4243350BF001DA356 /* StrategyVC.m */,
			);
			name = Strategy;
			sourceTree = "<group>";
		};
		F578AF0224349E7C001DA356 /* TemplateMethod */ = {
			isa = PBXGroup;
			children = (
				F578AED6243350C9001DA356 /* TemplateMethodVC.h */,
				F578AED7243350C9001DA356 /* TemplateMethodVC.m */,
			);
			name = TemplateMethod;
			sourceTree = "<group>";
		};
		F578AF0324349E83001DA356 /* Observer */ = {
			isa = PBXGroup;
			children = (
				F578AED9243350D5001DA356 /* ObserverVC.h */,
				F578AEDA243350D5001DA356 /* ObserverVC.m */,
			);
			name = Observer;
			sourceTree = "<group>";
		};
		F578AF0424349E8A001DA356 /* Iterator */ = {
			isa = PBXGroup;
			children = (
				F578AEDC243350DF001DA356 /* IteratorVC.h */,
				F578AEDD243350DF001DA356 /* IteratorVC.m */,
			);
			name = Iterator;
			sourceTree = "<group>";
		};
		F578AF0524349E91001DA356 /* ChainOfResponsibility */ = {
			isa = PBXGroup;
			children = (
				F578AEDF243350EA001DA356 /* ChainOfResponsibilityVC.h */,
				F578AEE0243350EA001DA356 /* ChainOfResponsibilityVC.m */,
			);
			name = ChainOfResponsibility;
			sourceTree = "<group>";
		};
		F578AF0624349E98001DA356 /* Command */ = {
			isa = PBXGroup;
			children = (
				F578AEE2243350F4001DA356 /* CommandVC.h */,
				F578AEE3243350F4001DA356 /* CommandVC.m */,
			);
			name = Command;
			sourceTree = "<group>";
		};
		F578AF0724349EA0001DA356 /* Memento */ = {
			isa = PBXGroup;
			children = (
				F578AEE5243350FE001DA356 /* MementoVC.h */,
				F578AEE6243350FE001DA356 /* MementoVC.m */,
			);
			name = Memento;
			sourceTree = "<group>";
		};
		F578AF0824349EA8001DA356 /* State */ = {
			isa = PBXGroup;
			children = (
				F578AEE824335109001DA356 /* StateVC.h */,
				F578AEE924335109001DA356 /* StateVC.m */,
			);
			name = State;
			sourceTree = "<group>";
		};
		F578AF0924349EAF001DA356 /* Visitor */ = {
			isa = PBXGroup;
			children = (
				F578AEEB2433512C001DA356 /* VisitorVC.h */,
				F578AEEC2433512C001DA356 /* VisitorVC.m */,
			);
			name = Visitor;
			sourceTree = "<group>";
		};
		F578AF0A24349EB7001DA356 /* Mediator */ = {
			isa = PBXGroup;
			children = (
				F578AEEE24335137001DA356 /* MediatorVC.h */,
				F578AEEF24335137001DA356 /* MediatorVC.m */,
			);
			name = Mediator;
			sourceTree = "<group>";
		};
		F578AF0B24349EBF001DA356 /* Interpreter */ = {
			isa = PBXGroup;
			children = (
				F578AEF124335141001DA356 /* InterpreterVC.h */,
				F578AEF224335141001DA356 /* InterpreterVC.m */,
			);
			name = Interpreter;
			sourceTree = "<group>";
		};
/* End PBXGroup section */

/* Begin PBXNativeTarget section */
		F55F137023D43C1900779C94 /* DesignPatternDemo */ = {
			isa = PBXNativeTarget;
			buildConfigurationList = F55F13A023D43C1E00779C94 /* Build configuration list for PBXNativeTarget "DesignPatternDemo" */;
			buildPhases = (
				F55F136D23D43C1900779C94 /* Sources */,
				F55F136E23D43C1900779C94 /* Frameworks */,
				F55F136F23D43C1900779C94 /* Resources */,
			);
			buildRules = (
			);
			dependencies = (
			);
			name = DesignPatternDemo;
			productName = DesignPatternDemo;
			productReference = F55F137123D43C1900779C94 /* DesignPatternDemo.app */;
			productType = "com.apple.product-type.application";
		};
		F55F138B23D43C1E00779C94 /* DesignPatternDemoTests */ = {
			isa = PBXNativeTarget;
			buildConfigurationList = F55F13A323D43C1E00779C94 /* Build configuration list for PBXNativeTarget "DesignPatternDemoTests" */;
			buildPhases = (
				F55F138823D43C1E00779C94 /* Sources */,
				F55F138923D43C1E00779C94 /* Frameworks */,
				F55F138A23D43C1E00779C94 /* Resources */,
			);
			buildRules = (
			);
			dependencies = (
				F55F138E23D43C1E00779C94 /* PBXTargetDependency */,
			);
			name = DesignPatternDemoTests;
			productName = DesignPatternDemoTests;
			productReference = F55F138C23D43C1E00779C94 /* DesignPatternDemoTests.xctest */;
			productType = "com.apple.product-type.bundle.unit-test";
		};
		F55F139623D43C1E00779C94 /* DesignPatternDemoUITests */ = {
			isa = PBXNativeTarget;
			buildConfigurationList = F55F13A623D43C1E00779C94 /* Build configuration list for PBXNativeTarget "DesignPatternDemoUITests" */;
			buildPhases = (
				F55F139323D43C1E00779C94 /* Sources */,
				F55F139423D43C1E00779C94 /* Frameworks */,
				F55F139523D43C1E00779C94 /* Resources */,
			);
			buildRules = (
			);
			dependencies = (
				F55F139923D43C1E00779C94 /* PBXTargetDependency */,
			);
			name = DesignPatternDemoUITests;
			productName = DesignPatternDemoUITests;
			productReference = F55F139723D43C1E00779C94 /* DesignPatternDemoUITests.xctest */;
			productType = "com.apple.product-type.bundle.ui-testing";
		};
/* End PBXNativeTarget section */

/* Begin PBXProject section */
		F55F136923D43C1900779C94 /* Project object */ = {
			isa = PBXProject;
			attributes = {
				LastUpgradeCheck = 1110;
				ORGANIZATIONNAME = hh;
				TargetAttributes = {
					F55F137023D43C1900779C94 = {
						CreatedOnToolsVersion = 11.1;
					};
					F55F138B23D43C1E00779C94 = {
						CreatedOnToolsVersion = 11.1;
						TestTargetID = F55F137023D43C1900779C94;
					};
					F55F139623D43C1E00779C94 = {
						CreatedOnToolsVersion = 11.1;
						TestTargetID = F55F137023D43C1900779C94;
					};
				};
			};
			buildConfigurationList = F55F136C23D43C1900779C94 /* Build configuration list for PBXProject "DesignPatternDemo" */;
			compatibilityVersion = "Xcode 9.3";
			developmentRegion = en;
			hasScannedForEncodings = 0;
			knownRegions = (
				en,
				Base,
			);
			mainGroup = F55F136823D43C1900779C94;
			productRefGroup = F55F137223D43C1900779C94 /* Products */;
			projectDirPath = "";
			projectRoot = "";
			targets = (
				F55F137023D43C1900779C94 /* DesignPatternDemo */,
				F55F138B23D43C1E00779C94 /* DesignPatternDemoTests */,
				F55F139623D43C1E00779C94 /* DesignPatternDemoUITests */,
			);
		};
/* End PBXProject section */

/* Begin PBXResourcesBuildPhase section */
		F55F136F23D43C1900779C94 /* Resources */ = {
			isa = PBXResourcesBuildPhase;
			buildActionMask = 2147483647;
			files = (
				F55F138423D43C1E00779C94 /* LaunchScreen.storyboard in Resources */,
				F55F138123D43C1E00779C94 /* Assets.xcassets in Resources */,
				F578AEA02431EFC2001DA356 /* README.md in Resources */,
				F55F137F23D43C1900779C94 /* Main.storyboard in Resources */,
			);
			runOnlyForDeploymentPostprocessing = 0;
		};
		F55F138A23D43C1E00779C94 /* Resources */ = {
			isa = PBXResourcesBuildPhase;
			buildActionMask = 2147483647;
			files = (
			);
			runOnlyForDeploymentPostprocessing = 0;
		};
		F55F139523D43C1E00779C94 /* Resources */ = {
			isa = PBXResourcesBuildPhase;
			buildActionMask = 2147483647;
			files = (
			);
			runOnlyForDeploymentPostprocessing = 0;
		};
/* End PBXResourcesBuildPhase section */

/* Begin PBXSourcesBuildPhase section */
		F55F136D23D43C1900779C94 /* Sources */ = {
			isa = PBXSourcesBuildPhase;
			buildActionMask = 2147483647;
			files = (
				F578AEF024335137001DA356 /* MediatorVC.m in Sources */,
				F578AEBA24334FD1001DA356 /* PrototypeVC.m in Sources */,
				F578AEE4243350F4001DA356 /* CommandVC.m in Sources */,
				F578AEC924335048001DA356 /* FacadeVC.m in Sources */,
				F5E297E0243586D000F7120F /* OperationSub.m in Sources */,
				F5237DF624358D4200746D81 /* AddFactory.m in Sources */,
				F578AED5243350BF001DA356 /* StrategyVC.m in Sources */,
				F578AEC324335036001DA356 /* DecoratorVC.m in Sources */,
				F578AEC62433503F001DA356 /* ProxyVC.m in Sources */,
				F578AED8243350C9001DA356 /* TemplateMethodVC.m in Sources */,
				F578AEEA24335109001DA356 /* StateVC.m in Sources */,
				F5237E0F2435B69E00746D81 /* SqlserverDepartment.m in Sources */,
				F578AEAB24334F86001DA356 /* SimpleFactoryVC.m in Sources */,
				F5237E122435B6AA00746D81 /* AccessUser.m in Sources */,
				F578AEBD24334FEB001DA356 /* BaseVC.m in Sources */,
				F578AED224335099001DA356 /* FlyweightVC.m in Sources */,
				F55F137623D43C1900779C94 /* AppDelegate.m in Sources */,
				F578AEAE24334F93001DA356 /* FactoryVC.m in Sources */,
				F55F138723D43C1E00779C94 /* main.m in Sources */,
				F578AEE7243350FE001DA356 /* MementoVC.m in Sources */,
				F5237E182435B97F00746D81 /* User.m in Sources */,
				F5237E062435B62300746D81 /* SqlserverFactory.m in Sources */,
				F55F137923D43C1900779C94 /* SceneDelegate.m in Sources */,
				F578AEB424334FB0001DA356 /* SingletonVC.m in Sources */,
				F5237E002435918800746D81 /* DivFactory.m in Sources */,
				F5E297DD2435852B00F7120F /* OperationAdd.m in Sources */,
				F578AEDE243350DF001DA356 /* IteratorVC.m in Sources */,
				F578AEED2433512C001DA356 /* VisitorVC.m in Sources */,
				F578AEA424334963001DA356 /* RootViewController.m in Sources */,
				F5237DFD2435918000746D81 /* MulFactory.m in Sources */,
				F578AECC24335052001DA356 /* BridgeVC.m in Sources */,
				F5237E092435B63A00746D81 /* AccessFactory.m in Sources */,
				F578AEB724334FC5001DA356 /* BuilderVC.m in Sources */,
				F578AEDB243350D5001DA356 /* ObserverVC.m in Sources */,
				F5E297E3243586E800F7120F /* OperationMul.m in Sources */,
				F578AEC024335029001DA356 /* AdapterVC.m in Sources */,
				F5237DFA2435917A00746D81 /* SubFactory.m in Sources */,
				F578AF0E243582DD001DA356 /* CalculateSimpleFactory.m in Sources */,
				F578AEE1243350EA001DA356 /* ChainOfResponsibilityVC.m in Sources */,
				F5237E1B2435B98900746D81 /* Department.m in Sources */,
				F578AECF24335066001DA356 /* CompositeVC.m in Sources */,
				F5E297E62435870300F7120F /* OperationDiv.m in Sources */,
				F5237E0C2435B68900746D81 /* SqlserverUser.m in Sources */,
				F578AEB124334F9E001DA356 /* AbstructFactoryVC.m in Sources */,
				F578AEF324335141001DA356 /* InterpreterVC.m in Sources */,
				F5237E152435B6B800746D81 /* AccessDepartment.m in Sources */,
			);
			runOnlyForDeploymentPostprocessing = 0;
		};
		F55F138823D43C1E00779C94 /* Sources */ = {
			isa = PBXSourcesBuildPhase;
			buildActionMask = 2147483647;
			files = (
				F55F139123D43C1E00779C94 /* DesignPatternDemoTests.m in Sources */,
			);
			runOnlyForDeploymentPostprocessing = 0;
		};
		F55F139323D43C1E00779C94 /* Sources */ = {
			isa = PBXSourcesBuildPhase;
			buildActionMask = 2147483647;
			files = (
				F55F139C23D43C1E00779C94 /* DesignPatternDemoUITests.m in Sources */,
			);
			runOnlyForDeploymentPostprocessing = 0;
		};
/* End PBXSourcesBuildPhase section */

/* Begin PBXTargetDependency section */
		F55F138E23D43C1E00779C94 /* PBXTargetDependency */ = {
			isa = PBXTargetDependency;
			target = F55F137023D43C1900779C94 /* DesignPatternDemo */;
			targetProxy = F55F138D23D43C1E00779C94 /* PBXContainerItemProxy */;
		};
		F55F139923D43C1E00779C94 /* PBXTargetDependency */ = {
			isa = PBXTargetDependency;
			target = F55F137023D43C1900779C94 /* DesignPatternDemo */;
			targetProxy = F55F139823D43C1E00779C94 /* PBXContainerItemProxy */;
		};
/* End PBXTargetDependency section */

/* Begin PBXVariantGroup section */
		F55F137D23D43C1900779C94 /* Main.storyboard */ = {
			isa = PBXVariantGroup;
			children = (
				F55F137E23D43C1900779C94 /* Base */,
			);
			name = Main.storyboard;
			sourceTree = "<group>";
		};
		F55F138223D43C1E00779C94 /* LaunchScreen.storyboard */ = {
			isa = PBXVariantGroup;
			children = (
				F55F138323D43C1E00779C94 /* Base */,
			);
			name = LaunchScreen.storyboard;
			sourceTree = "<group>";
		};
/* End PBXVariantGroup section */

/* Begin XCBuildConfiguration section */
		F55F139E23D43C1E00779C94 /* Debug */ = {
			isa = XCBuildConfiguration;
			buildSettings = {
				ALWAYS_SEARCH_USER_PATHS = NO;
				CLANG_ANALYZER_NONNULL = YES;
				CLANG_ANALYZER_NUMBER_OBJECT_CONVERSION = YES_AGGRESSIVE;
				CLANG_CXX_LANGUAGE_STANDARD = "gnu++14";
				CLANG_CXX_LIBRARY = "libc++";
				CLANG_ENABLE_MODULES = YES;
				CLANG_ENABLE_OBJC_ARC = YES;
				CLANG_ENABLE_OBJC_WEAK = YES;
				CLANG_WARN_BLOCK_CAPTURE_AUTORELEASING = YES;
				CLANG_WARN_BOOL_CONVERSION = YES;
				CLANG_WARN_COMMA = YES;
				CLANG_WARN_CONSTANT_CONVERSION = YES;
				CLANG_WARN_DEPRECATED_OBJC_IMPLEMENTATIONS = YES;
				CLANG_WARN_DIRECT_OBJC_ISA_USAGE = YES_ERROR;
				CLANG_WARN_DOCUMENTATION_COMMENTS = YES;
				CLANG_WARN_EMPTY_BODY = YES;
				CLANG_WARN_ENUM_CONVERSION = YES;
				CLANG_WARN_INFINITE_RECURSION = YES;
				CLANG_WARN_INT_CONVERSION = YES;
				CLANG_WARN_NON_LITERAL_NULL_CONVERSION = YES;
				CLANG_WARN_OBJC_IMPLICIT_RETAIN_SELF = YES;
				CLANG_WARN_OBJC_LITERAL_CONVERSION = YES;
				CLANG_WARN_OBJC_ROOT_CLASS = YES_ERROR;
				CLANG_WARN_RANGE_LOOP_ANALYSIS = YES;
				CLANG_WARN_STRICT_PROTOTYPES = YES;
				CLANG_WARN_SUSPICIOUS_MOVE = YES;
				CLANG_WARN_UNGUARDED_AVAILABILITY = YES_AGGRESSIVE;
				CLANG_WARN_UNREACHABLE_CODE = YES;
				CLANG_WARN__DUPLICATE_METHOD_MATCH = YES;
				COPY_PHASE_STRIP = NO;
				DEBUG_INFORMATION_FORMAT = dwarf;
				ENABLE_STRICT_OBJC_MSGSEND = YES;
				ENABLE_TESTABILITY = YES;
				GCC_C_LANGUAGE_STANDARD = gnu11;
				GCC_DYNAMIC_NO_PIC = NO;
				GCC_NO_COMMON_BLOCKS = YES;
				GCC_OPTIMIZATION_LEVEL = 0;
				GCC_PREPROCESSOR_DEFINITIONS = (
					"DEBUG=1",
					"$(inherited)",
				);
				GCC_WARN_64_TO_32_BIT_CONVERSION = YES;
				GCC_WARN_ABOUT_RETURN_TYPE = YES_ERROR;
				GCC_WARN_UNDECLARED_SELECTOR = YES;
				GCC_WARN_UNINITIALIZED_AUTOS = YES_AGGRESSIVE;
				GCC_WARN_UNUSED_FUNCTION = YES;
				GCC_WARN_UNUSED_VARIABLE = YES;
				IPHONEOS_DEPLOYMENT_TARGET = 13.1;
				MTL_ENABLE_DEBUG_INFO = INCLUDE_SOURCE;
				MTL_FAST_MATH = YES;
				ONLY_ACTIVE_ARCH = YES;
				SDKROOT = iphoneos;
			};
			name = Debug;
		};
		F55F139F23D43C1E00779C94 /* Release */ = {
			isa = XCBuildConfiguration;
			buildSettings = {
				ALWAYS_SEARCH_USER_PATHS = NO;
				CLANG_ANALYZER_NONNULL = YES;
				CLANG_ANALYZER_NUMBER_OBJECT_CONVERSION = YES_AGGRESSIVE;
				CLANG_CXX_LANGUAGE_STANDARD = "gnu++14";
				CLANG_CXX_LIBRARY = "libc++";
				CLANG_ENABLE_MODULES = YES;
				CLANG_ENABLE_OBJC_ARC = YES;
				CLANG_ENABLE_OBJC_WEAK = YES;
				CLANG_WARN_BLOCK_CAPTURE_AUTORELEASING = YES;
				CLANG_WARN_BOOL_CONVERSION = YES;
				CLANG_WARN_COMMA = YES;
				CLANG_WARN_CONSTANT_CONVERSION = YES;
				CLANG_WARN_DEPRECATED_OBJC_IMPLEMENTATIONS = YES;
				CLANG_WARN_DIRECT_OBJC_ISA_USAGE = YES_ERROR;
				CLANG_WARN_DOCUMENTATION_COMMENTS = YES;
				CLANG_WARN_EMPTY_BODY = YES;
				CLANG_WARN_ENUM_CONVERSION = YES;
				CLANG_WARN_INFINITE_RECURSION = YES;
				CLANG_WARN_INT_CONVERSION = YES;
				CLANG_WARN_NON_LITERAL_NULL_CONVERSION = YES;
				CLANG_WARN_OBJC_IMPLICIT_RETAIN_SELF = YES;
				CLANG_WARN_OBJC_LITERAL_CONVERSION = YES;
				CLANG_WARN_OBJC_ROOT_CLASS = YES_ERROR;
				CLANG_WARN_RANGE_LOOP_ANALYSIS = YES;
				CLANG_WARN_STRICT_PROTOTYPES = YES;
				CLANG_WARN_SUSPICIOUS_MOVE = YES;
				CLANG_WARN_UNGUARDED_AVAILABILITY = YES_AGGRESSIVE;
				CLANG_WARN_UNREACHABLE_CODE = YES;
				CLANG_WARN__DUPLICATE_METHOD_MATCH = YES;
				COPY_PHASE_STRIP = NO;
				DEBUG_INFORMATION_FORMAT = "dwarf-with-dsym";
				ENABLE_NS_ASSERTIONS = NO;
				ENABLE_STRICT_OBJC_MSGSEND = YES;
				GCC_C_LANGUAGE_STANDARD = gnu11;
				GCC_NO_COMMON_BLOCKS = YES;
				GCC_WARN_64_TO_32_BIT_CONVERSION = YES;
				GCC_WARN_ABOUT_RETURN_TYPE = YES_ERROR;
				GCC_WARN_UNDECLARED_SELECTOR = YES;
				GCC_WARN_UNINITIALIZED_AUTOS = YES_AGGRESSIVE;
				GCC_WARN_UNUSED_FUNCTION = YES;
				GCC_WARN_UNUSED_VARIABLE = YES;
				IPHONEOS_DEPLOYMENT_TARGET = 13.1;
				MTL_ENABLE_DEBUG_INFO = NO;
				MTL_FAST_MATH = YES;
				SDKROOT = iphoneos;
				VALIDATE_PRODUCT = YES;
			};
			name = Release;
		};
		F55F13A123D43C1E00779C94 /* Debug */ = {
			isa = XCBuildConfiguration;
			buildSettings = {
				ASSETCATALOG_COMPILER_APPICON_NAME = AppIcon;
				CODE_SIGN_STYLE = Automatic;
				DEVELOPMENT_TEAM = 8M4C57BTLY;
				INFOPLIST_FILE = DesignPatternDemo/Info.plist;
				LD_RUNPATH_SEARCH_PATHS = (
					"$(inherited)",
					"@executable_path/Frameworks",
				);
				PRODUCT_BUNDLE_IDENTIFIER = com.study.DesignPatternDemo;
				PRODUCT_NAME = "$(TARGET_NAME)";
				TARGETED_DEVICE_FAMILY = "1,2";
			};
			name = Debug;
		};
		F55F13A223D43C1E00779C94 /* Release */ = {
			isa = XCBuildConfiguration;
			buildSettings = {
				ASSETCATALOG_COMPILER_APPICON_NAME = AppIcon;
				CODE_SIGN_STYLE = Automatic;
				DEVELOPMENT_TEAM = 8M4C57BTLY;
				INFOPLIST_FILE = DesignPatternDemo/Info.plist;
				LD_RUNPATH_SEARCH_PATHS = (
					"$(inherited)",
					"@executable_path/Frameworks",
				);
				PRODUCT_BUNDLE_IDENTIFIER = com.study.DesignPatternDemo;
				PRODUCT_NAME = "$(TARGET_NAME)";
				TARGETED_DEVICE_FAMILY = "1,2";
			};
			name = Release;
		};
		F55F13A423D43C1E00779C94 /* Debug */ = {
			isa = XCBuildConfiguration;
			buildSettings = {
				BUNDLE_LOADER = "$(TEST_HOST)";
				CODE_SIGN_STYLE = Automatic;
				DEVELOPMENT_TEAM = 8M4C57BTLY;
				INFOPLIST_FILE = DesignPatternDemoTests/Info.plist;
				IPHONEOS_DEPLOYMENT_TARGET = 13.1;
				LD_RUNPATH_SEARCH_PATHS = (
					"$(inherited)",
					"@executable_path/Frameworks",
					"@loader_path/Frameworks",
				);
				PRODUCT_BUNDLE_IDENTIFIER = com.study.DesignPatternDemoTests;
				PRODUCT_NAME = "$(TARGET_NAME)";
				TARGETED_DEVICE_FAMILY = "1,2";
				TEST_HOST = "$(BUILT_PRODUCTS_DIR)/DesignPatternDemo.app/DesignPatternDemo";
			};
			name = Debug;
		};
		F55F13A523D43C1E00779C94 /* Release */ = {
			isa = XCBuildConfiguration;
			buildSettings = {
				BUNDLE_LOADER = "$(TEST_HOST)";
				CODE_SIGN_STYLE = Automatic;
				DEVELOPMENT_TEAM = 8M4C57BTLY;
				INFOPLIST_FILE = DesignPatternDemoTests/Info.plist;
				IPHONEOS_DEPLOYMENT_TARGET = 13.1;
				LD_RUNPATH_SEARCH_PATHS = (
					"$(inherited)",
					"@executable_path/Frameworks",
					"@loader_path/Frameworks",
				);
				PRODUCT_BUNDLE_IDENTIFIER = com.study.DesignPatternDemoTests;
				PRODUCT_NAME = "$(TARGET_NAME)";
				TARGETED_DEVICE_FAMILY = "1,2";
				TEST_HOST = "$(BUILT_PRODUCTS_DIR)/DesignPatternDemo.app/DesignPatternDemo";
			};
			name = Release;
		};
		F55F13A723D43C1E00779C94 /* Debug */ = {
			isa = XCBuildConfiguration;
			buildSettings = {
				CODE_SIGN_STYLE = Automatic;
				DEVELOPMENT_TEAM = 8M4C57BTLY;
				INFOPLIST_FILE = DesignPatternDemoUITests/Info.plist;
				LD_RUNPATH_SEARCH_PATHS = (
					"$(inherited)",
					"@executable_path/Frameworks",
					"@loader_path/Frameworks",
				);
				PRODUCT_BUNDLE_IDENTIFIER = com.study.DesignPatternDemoUITests;
				PRODUCT_NAME = "$(TARGET_NAME)";
				TARGETED_DEVICE_FAMILY = "1,2";
				TEST_TARGET_NAME = DesignPatternDemo;
			};
			name = Debug;
		};
		F55F13A823D43C1E00779C94 /* Release */ = {
			isa = XCBuildConfiguration;
			buildSettings = {
				CODE_SIGN_STYLE = Automatic;
				DEVELOPMENT_TEAM = 8M4C57BTLY;
				INFOPLIST_FILE = DesignPatternDemoUITests/Info.plist;
				LD_RUNPATH_SEARCH_PATHS = (
					"$(inherited)",
					"@executable_path/Frameworks",
					"@loader_path/Frameworks",
				);
				PRODUCT_BUNDLE_IDENTIFIER = com.study.DesignPatternDemoUITests;
				PRODUCT_NAME = "$(TARGET_NAME)";
				TARGETED_DEVICE_FAMILY = "1,2";
				TEST_TARGET_NAME = DesignPatternDemo;
			};
			name = Release;
		};
/* End XCBuildConfiguration section */

/* Begin XCConfigurationList section */
		F55F136C23D43C1900779C94 /* Build configuration list for PBXProject "DesignPatternDemo" */ = {
			isa = XCConfigurationList;
			buildConfigurations = (
				F55F139E23D43C1E00779C94 /* Debug */,
				F55F139F23D43C1E00779C94 /* Release */,
			);
			defaultConfigurationIsVisible = 0;
			defaultConfigurationName = Release;
		};
		F55F13A023D43C1E00779C94 /* Build configuration list for PBXNativeTarget "DesignPatternDemo" */ = {
			isa = XCConfigurationList;
			buildConfigurations = (
				F55F13A123D43C1E00779C94 /* Debug */,
				F55F13A223D43C1E00779C94 /* Release */,
			);
			defaultConfigurationIsVisible = 0;
			defaultConfigurationName = Release;
		};
		F55F13A323D43C1E00779C94 /* Build configuration list for PBXNativeTarget "DesignPatternDemoTests" */ = {
			isa = XCConfigurationList;
			buildConfigurations = (
				F55F13A423D43C1E00779C94 /* Debug */,
				F55F13A523D43C1E00779C94 /* Release */,
			);
			defaultConfigurationIsVisible = 0;
			defaultConfigurationName = Release;
		};
		F55F13A623D43C1E00779C94 /* Build configuration list for PBXNativeTarget "DesignPatternDemoUITests" */ = {
			isa = XCConfigurationList;
			buildConfigurations = (
				F55F13A723D43C1E00779C94 /* Debug */,
				F55F13A823D43C1E00779C94 /* Release */,
			);
			defaultConfigurationIsVisible = 0;
			defaultConfigurationName = Release;
		};
/* End XCConfigurationList section */
	};
	rootObject = F55F136923D43C1900779C94 /* Project object */;
}
