// !$*UTF8*$!
{
	archiveVersion = 1;
	classes = {
	};
	objectVersion = 50;
	objects = {

/* Begin PBXBuildFile section */
		9F14997C223C80C60005793E /* AppDelegate.m in Sources */ = {isa = PBXBuildFile; fileRef = 9F14997B223C80C60005793E /* AppDelegate.m */; };
		9F14997F223C80C60005793E /* ViewController.m in Sources */ = {isa = PBXBuildFile; fileRef = 9F14997E223C80C60005793E /* ViewController.m */; };
		9F149982223C80C60005793E /* Main.storyboard in Resources */ = {isa = PBXBuildFile; fileRef = 9F149980223C80C60005793E /* Main.storyboard */; };
		9F149984223C80C70005793E /* Assets.xcassets in Resources */ = {isa = PBXBuildFile; fileRef = 9F149983223C80C70005793E /* Assets.xcassets */; };
		9F149987223C80C70005793E /* LaunchScreen.storyboard in Resources */ = {isa = PBXBuildFile; fileRef = 9F149985223C80C70005793E /* LaunchScreen.storyboard */; };
		9F14998A223C80C70005793E /* main.m in Sources */ = {isa = PBXBuildFile; fileRef = 9F149989223C80C70005793E /* main.m */; };
		9F149994223C80C70005793E /* BCHTimerTests.m in Sources */ = {isa = PBXBuildFile; fileRef = 9F149993223C80C70005793E /* BCHTimerTests.m */; };
		9F14999F223C80C70005793E /* BCHTimerUITests.m in Sources */ = {isa = PBXBuildFile; fileRef = 9F14999E223C80C70005793E /* BCHTimerUITests.m */; };
		9F1499AE223C80D80005793E /* BCHTimer.m in Sources */ = {isa = PBXBuildFile; fileRef = 9F1499AD223C80D80005793E /* BCHTimer.m */; };
/* End PBXBuildFile section */

/* Begin PBXContainerItemProxy section */
		9F149990223C80C70005793E /* PBXContainerItemProxy */ = {
			isa = PBXContainerItemProxy;
			containerPortal = 9F14996F223C80C60005793E /* Project object */;
			proxyType = 1;
			remoteGlobalIDString = 9F149976223C80C60005793E;
			remoteInfo = BCHTimer;
		};
		9F14999B223C80C70005793E /* PBXContainerItemProxy */ = {
			isa = PBXContainerItemProxy;
			containerPortal = 9F14996F223C80C60005793E /* Project object */;
			proxyType = 1;
			remoteGlobalIDString = 9F149976223C80C60005793E;
			remoteInfo = BCHTimer;
		};
/* End PBXContainerItemProxy section */

/* Begin PBXFileReference section */
		9F149977223C80C60005793E /* BCHTimer.app */ = {isa = PBXFileReference; explicitFileType = wrapper.application; includeInIndex = 0; path = BCHTimer.app; sourceTree = BUILT_PRODUCTS_DIR; };
		9F14997A223C80C60005793E /* AppDelegate.h */ = {isa = PBXFileReference; lastKnownFileType = sourcecode.c.h; path = AppDelegate.h; sourceTree = "<group>"; };
		9F14997B223C80C60005793E /* AppDelegate.m */ = {isa = PBXFileReference; lastKnownFileType = sourcecode.c.objc; path = AppDelegate.m; sourceTree = "<group>"; };
		9F14997D223C80C60005793E /* ViewController.h */ = {isa = PBXFileReference; lastKnownFileType = sourcecode.c.h; path = ViewController.h; sourceTree = "<group>"; };
		9F14997E223C80C60005793E /* ViewController.m */ = {isa = PBXFileReference; lastKnownFileType = sourcecode.c.objc; path = ViewController.m; sourceTree = "<group>"; };
		9F149981223C80C60005793E /* Base */ = {isa = PBXFileReference; lastKnownFileType = file.storyboard; name = Base; path = Base.lproj/Main.storyboard; sourceTree = "<group>"; };
		9F149983223C80C70005793E /* Assets.xcassets */ = {isa = PBXFileReference; lastKnownFileType = folder.assetcatalog; path = Assets.xcassets; sourceTree = "<group>"; };
		9F149986223C80C70005793E /* Base */ = {isa = PBXFileReference; lastKnownFileType = file.storyboard; name = Base; path = Base.lproj/LaunchScreen.storyboard; sourceTree = "<group>"; };
		9F149988223C80C70005793E /* Info.plist */ = {isa = PBXFileReference; lastKnownFileType = text.plist.xml; path = Info.plist; sourceTree = "<group>"; };
		9F149989223C80C70005793E /* main.m */ = {isa = PBXFileReference; lastKnownFileType = sourcecode.c.objc; path = main.m; sourceTree = "<group>"; };
		9F14998F223C80C70005793E /* BCHTimerTests.xctest */ = {isa = PBXFileReference; explicitFileType = wrapper.cfbundle; includeInIndex = 0; path = BCHTimerTests.xctest; sourceTree = BUILT_PRODUCTS_DIR; };
		9F149993223C80C70005793E /* BCHTimerTests.m */ = {isa = PBXFileReference; lastKnownFileType = sourcecode.c.objc; path = BCHTimerTests.m; sourceTree = "<group>"; };
		9F149995223C80C70005793E /* Info.plist */ = {isa = PBXFileReference; lastKnownFileType = text.plist.xml; path = Info.plist; sourceTree = "<group>"; };
		9F14999A223C80C70005793E /* BCHTimerUITests.xctest */ = {isa = PBXFileReference; explicitFileType = wrapper.cfbundle; includeInIndex = 0; path = BCHTimerUITests.xctest; sourceTree = BUILT_PRODUCTS_DIR; };
		9F14999E223C80C70005793E /* BCHTimerUITests.m */ = {isa = PBXFileReference; lastKnownFileType = sourcecode.c.objc; path = BCHTimerUITests.m; sourceTree = "<group>"; };
		9F1499A0223C80C70005793E /* Info.plist */ = {isa = PBXFileReference; lastKnownFileType = text.plist.xml; path = Info.plist; sourceTree = "<group>"; };
		9F1499AC223C80D80005793E /* BCHTimer.h */ = {isa = PBXFileReference; lastKnownFileType = sourcecode.c.h; path = BCHTimer.h; sourceTree = "<group>"; };
		9F1499AD223C80D80005793E /* BCHTimer.m */ = {isa = PBXFileReference; lastKnownFileType = sourcecode.c.objc; path = BCHTimer.m; sourceTree = "<group>"; };
/* End PBXFileReference section */

/* Begin PBXFrameworksBuildPhase section */
		9F149974223C80C60005793E /* Frameworks */ = {
			isa = PBXFrameworksBuildPhase;
			buildActionMask = 2147483647;
			files = (
			);
			runOnlyForDeploymentPostprocessing = 0;
		};
		9F14998C223C80C70005793E /* Frameworks */ = {
			isa = PBXFrameworksBuildPhase;
			buildActionMask = 2147483647;
			files = (
			);
			runOnlyForDeploymentPostprocessing = 0;
		};
		9F149997223C80C70005793E /* Frameworks */ = {
			isa = PBXFrameworksBuildPhase;
			buildActionMask = 2147483647;
			files = (
			);
			runOnlyForDeploymentPostprocessing = 0;
		};
/* End PBXFrameworksBuildPhase section */

/* Begin PBXGroup section */
		9F14996E223C80C60005793E = {
			isa = PBXGroup;
			children = (
				9F149979223C80C60005793E /* BCHTimer */,
				9F149992223C80C70005793E /* BCHTimerTests */,
				9F14999D223C80C70005793E /* BCHTimerUITests */,
				9F149978223C80C60005793E /* Products */,
			);
			sourceTree = "<group>";
		};
		9F149978223C80C60005793E /* Products */ = {
			isa = PBXGroup;
			children = (
				9F149977223C80C60005793E /* BCHTimer.app */,
				9F14998F223C80C70005793E /* BCHTimerTests.xctest */,
				9F14999A223C80C70005793E /* BCHTimerUITests.xctest */,
			);
			name = Products;
			sourceTree = "<group>";
		};
		9F149979223C80C60005793E /* BCHTimer */ = {
			isa = PBXGroup;
			children = (
				9F14997A223C80C60005793E /* AppDelegate.h */,
				9F14997B223C80C60005793E /* AppDelegate.m */,
				9F14997D223C80C60005793E /* ViewController.h */,
				9F14997E223C80C60005793E /* ViewController.m */,
				9F149980223C80C60005793E /* Main.storyboard */,
				9F149983223C80C70005793E /* Assets.xcassets */,
				9F149985223C80C70005793E /* LaunchScreen.storyboard */,
				9F149988223C80C70005793E /* Info.plist */,
				9F149989223C80C70005793E /* main.m */,
				9F1499AC223C80D80005793E /* BCHTimer.h */,
				9F1499AD223C80D80005793E /* BCHTimer.m */,
			);
			path = BCHTimer;
			sourceTree = "<group>";
		};
		9F149992223C80C70005793E /* BCHTimerTests */ = {
			isa = PBXGroup;
			children = (
				9F149993223C80C70005793E /* BCHTimerTests.m */,
				9F149995223C80C70005793E /* Info.plist */,
			);
			path = BCHTimerTests;
			sourceTree = "<group>";
		};
		9F14999D223C80C70005793E /* BCHTimerUITests */ = {
			isa = PBXGroup;
			children = (
				9F14999E223C80C70005793E /* BCHTimerUITests.m */,
				9F1499A0223C80C70005793E /* Info.plist */,
			);
			path = BCHTimerUITests;
			sourceTree = "<group>";
		};
/* End PBXGroup section */

/* Begin PBXNativeTarget section */
		9F149976223C80C60005793E /* BCHTimer */ = {
			isa = PBXNativeTarget;
			buildConfigurationList = 9F1499A3223C80C70005793E /* Build configuration list for PBXNativeTarget "BCHTimer" */;
			buildPhases = (
				9F149973223C80C60005793E /* Sources */,
				9F149974223C80C60005793E /* Frameworks */,
				9F149975223C80C60005793E /* Resources */,
			);
			buildRules = (
			);
			dependencies = (
			);
			name = BCHTimer;
			productName = BCHTimer;
			productReference = 9F149977223C80C60005793E /* BCHTimer.app */;
			productType = "com.apple.product-type.application";
		};
		9F14998E223C80C70005793E /* BCHTimerTests */ = {
			isa = PBXNativeTarget;
			buildConfigurationList = 9F1499A6223C80C70005793E /* Build configuration list for PBXNativeTarget "BCHTimerTests" */;
			buildPhases = (
				9F14998B223C80C70005793E /* Sources */,
				9F14998C223C80C70005793E /* Frameworks */,
				9F14998D223C80C70005793E /* Resources */,
			);
			buildRules = (
			);
			dependencies = (
				9F149991223C80C70005793E /* PBXTargetDependency */,
			);
			name = BCHTimerTests;
			productName = BCHTimerTests;
			productReference = 9F14998F223C80C70005793E /* BCHTimerTests.xctest */;
			productType = "com.apple.product-type.bundle.unit-test";
		};
		9F149999223C80C70005793E /* BCHTimerUITests */ = {
			isa = PBXNativeTarget;
			buildConfigurationList = 9F1499A9223C80C70005793E /* Build configuration list for PBXNativeTarget "BCHTimerUITests" */;
			buildPhases = (
				9F149996223C80C70005793E /* Sources */,
				9F149997223C80C70005793E /* Frameworks */,
				9F149998223C80C70005793E /* Resources */,
			);
			buildRules = (
			);
			dependencies = (
				9F14999C223C80C70005793E /* PBXTargetDependency */,
			);
			name = BCHTimerUITests;
			productName = BCHTimerUITests;
			productReference = 9F14999A223C80C70005793E /* BCHTimerUITests.xctest */;
			productType = "com.apple.product-type.bundle.ui-testing";
		};
/* End PBXNativeTarget section */

/* Begin PBXProject section */
		9F14996F223C80C60005793E /* Project object */ = {
			isa = PBXProject;
			attributes = {
				LastUpgradeCheck = 1010;
				ORGANIZATIONNAME = "白成慧";
				TargetAttributes = {
					9F149976223C80C60005793E = {
						CreatedOnToolsVersion = 10.1;
					};
					9F14998E223C80C70005793E = {
						CreatedOnToolsVersion = 10.1;
						TestTargetID = 9F149976223C80C60005793E;
					};
					9F149999223C80C70005793E = {
						CreatedOnToolsVersion = 10.1;
						TestTargetID = 9F149976223C80C60005793E;
					};
				};
			};
			buildConfigurationList = 9F149972223C80C60005793E /* Build configuration list for PBXProject "BCHTimer" */;
			compatibilityVersion = "Xcode 9.3";
			developmentRegion = en;
			hasScannedForEncodings = 0;
			knownRegions = (
				en,
				Base,
			);
			mainGroup = 9F14996E223C80C60005793E;
			productRefGroup = 9F149978223C80C60005793E /* Products */;
			projectDirPath = "";
			projectRoot = "";
			targets = (
				9F149976223C80C60005793E /* BCHTimer */,
				9F14998E223C80C70005793E /* BCHTimerTests */,
				9F149999223C80C70005793E /* BCHTimerUITests */,
			);
		};
/* End PBXProject section */

/* Begin PBXResourcesBuildPhase section */
		9F149975223C80C60005793E /* Resources */ = {
			isa = PBXResourcesBuildPhase;
			buildActionMask = 2147483647;
			files = (
				9F149987223C80C70005793E /* LaunchScreen.storyboard in Resources */,
				9F149984223C80C70005793E /* Assets.xcassets in Resources */,
				9F149982223C80C60005793E /* Main.storyboard in Resources */,
			);
			runOnlyForDeploymentPostprocessing = 0;
		};
		9F14998D223C80C70005793E /* Resources */ = {
			isa = PBXResourcesBuildPhase;
			buildActionMask = 2147483647;
			files = (
			);
			runOnlyForDeploymentPostprocessing = 0;
		};
		9F149998223C80C70005793E /* Resources */ = {
			isa = PBXResourcesBuildPhase;
			buildActionMask = 2147483647;
			files = (
			);
			runOnlyForDeploymentPostprocessing = 0;
		};
/* End PBXResourcesBuildPhase section */

/* Begin PBXSourcesBuildPhase section */
		9F149973223C80C60005793E /* Sources */ = {
			isa = PBXSourcesBuildPhase;
			buildActionMask = 2147483647;
			files = (
				9F14997F223C80C60005793E /* ViewController.m in Sources */,
				9F14998A223C80C70005793E /* main.m in Sources */,
				9F14997C223C80C60005793E /* AppDelegate.m in Sources */,
				9F1499AE223C80D80005793E /* BCHTimer.m in Sources */,
			);
			runOnlyForDeploymentPostprocessing = 0;
		};
		9F14998B223C80C70005793E /* Sources */ = {
			isa = PBXSourcesBuildPhase;
			buildActionMask = 2147483647;
			files = (
				9F149994223C80C70005793E /* BCHTimerTests.m in Sources */,
			);
			runOnlyForDeploymentPostprocessing = 0;
		};
		9F149996223C80C70005793E /* Sources */ = {
			isa = PBXSourcesBuildPhase;
			buildActionMask = 2147483647;
			files = (
				9F14999F223C80C70005793E /* BCHTimerUITests.m in Sources */,
			);
			runOnlyForDeploymentPostprocessing = 0;
		};
/* End PBXSourcesBuildPhase section */

/* Begin PBXTargetDependency section */
		9F149991223C80C70005793E /* PBXTargetDependency */ = {
			isa = PBXTargetDependency;
			target = 9F149976223C80C60005793E /* BCHTimer */;
			targetProxy = 9F149990223C80C70005793E /* PBXContainerItemProxy */;
		};
		9F14999C223C80C70005793E /* PBXTargetDependency */ = {
			isa = PBXTargetDependency;
			target = 9F149976223C80C60005793E /* BCHTimer */;
			targetProxy = 9F14999B223C80C70005793E /* PBXContainerItemProxy */;
		};
/* End PBXTargetDependency section */

/* Begin PBXVariantGroup section */
		9F149980223C80C60005793E /* Main.storyboard */ = {
			isa = PBXVariantGroup;
			children = (
				9F149981223C80C60005793E /* Base */,
			);
			name = Main.storyboard;
			sourceTree = "<group>";
		};
		9F149985223C80C70005793E /* LaunchScreen.storyboard */ = {
			isa = PBXVariantGroup;
			children = (
				9F149986223C80C70005793E /* Base */,
			);
			name = LaunchScreen.storyboard;
			sourceTree = "<group>";
		};
/* End PBXVariantGroup section */

/* Begin XCBuildConfiguration section */
		9F1499A1223C80C70005793E /* Debug */ = {
			isa = XCBuildConfiguration;
			buildSettings = {
				ALWAYS_SEARCH_USER_PATHS = NO;
				CLANG_ANALYZER_NONNULL = YES;
				CLANG_ANALYZER_NUMBER_OBJECT_CONVERSION = YES_AGGRESSIVE;
				CLANG_CXX_LANGUAGE_STANDARD = "gnu++14";
				CLANG_CXX_LIBRARY = "libc++";
				CLANG_ENABLE_MODULES = YES;
				CLANG_ENABLE_OBJC_ARC = YES;
				CLANG_ENABLE_OBJC_WEAK = YES;
				CLANG_WARN_BLOCK_CAPTURE_AUTORELEASING = YES;
				CLANG_WARN_BOOL_CONVERSION = YES;
				CLANG_WARN_COMMA = YES;
				CLANG_WARN_CONSTANT_CONVERSION = YES;
				CLANG_WARN_DEPRECATED_OBJC_IMPLEMENTATIONS = YES;
				CLANG_WARN_DIRECT_OBJC_ISA_USAGE = YES_ERROR;
				CLANG_WARN_DOCUMENTATION_COMMENTS = YES;
				CLANG_WARN_EMPTY_BODY = YES;
				CLANG_WARN_ENUM_CONVERSION = YES;
				CLANG_WARN_INFINITE_RECURSION = YES;
				CLANG_WARN_INT_CONVERSION = YES;
				CLANG_WARN_NON_LITERAL_NULL_CONVERSION = YES;
				CLANG_WARN_OBJC_IMPLICIT_RETAIN_SELF = YES;
				CLANG_WARN_OBJC_LITERAL_CONVERSION = YES;
				CLANG_WARN_OBJC_ROOT_CLASS = YES_ERROR;
				CLANG_WARN_RANGE_LOOP_ANALYSIS = YES;
				CLANG_WARN_STRICT_PROTOTYPES = YES;
				CLANG_WARN_SUSPICIOUS_MOVE = YES;
				CLANG_WARN_UNGUARDED_AVAILABILITY = YES_AGGRESSIVE;
				CLANG_WARN_UNREACHABLE_CODE = YES;
				CLANG_WARN__DUPLICATE_METHOD_MATCH = YES;
				CODE_SIGN_IDENTITY = "iPhone Developer";
				COPY_PHASE_STRIP = NO;
				DEBUG_INFORMATION_FORMAT = dwarf;
				ENABLE_STRICT_OBJC_MSGSEND = YES;
				ENABLE_TESTABILITY = YES;
				GCC_C_LANGUAGE_STANDARD = gnu11;
				GCC_DYNAMIC_NO_PIC = NO;
				GCC_NO_COMMON_BLOCKS = YES;
				GCC_OPTIMIZATION_LEVEL = 0;
				GCC_PREPROCESSOR_DEFINITIONS = (
					"DEBUG=1",
					"$(inherited)",
				);
				GCC_WARN_64_TO_32_BIT_CONVERSION = YES;
				GCC_WARN_ABOUT_RETURN_TYPE = YES_ERROR;
				GCC_WARN_UNDECLARED_SELECTOR = YES;
				GCC_WARN_UNINITIALIZED_AUTOS = YES_AGGRESSIVE;
				GCC_WARN_UNUSED_FUNCTION = YES;
				GCC_WARN_UNUSED_VARIABLE = YES;
				IPHONEOS_DEPLOYMENT_TARGET = 12.1;
				MTL_ENABLE_DEBUG_INFO = INCLUDE_SOURCE;
				MTL_FAST_MATH = YES;
				ONLY_ACTIVE_ARCH = YES;
				SDKROOT = iphoneos;
			};
			name = Debug;
		};
		9F1499A2223C80C70005793E /* Release */ = {
			isa = XCBuildConfiguration;
			buildSettings = {
				ALWAYS_SEARCH_USER_PATHS = NO;
				CLANG_ANALYZER_NONNULL = YES;
				CLANG_ANALYZER_NUMBER_OBJECT_CONVERSION = YES_AGGRESSIVE;
				CLANG_CXX_LANGUAGE_STANDARD = "gnu++14";
				CLANG_CXX_LIBRARY = "libc++";
				CLANG_ENABLE_MODULES = YES;
				CLANG_ENABLE_OBJC_ARC = YES;
				CLANG_ENABLE_OBJC_WEAK = YES;
				CLANG_WARN_BLOCK_CAPTURE_AUTORELEASING = YES;
				CLANG_WARN_BOOL_CONVERSION = YES;
				CLANG_WARN_COMMA = YES;
				CLANG_WARN_CONSTANT_CONVERSION = YES;
				CLANG_WARN_DEPRECATED_OBJC_IMPLEMENTATIONS = YES;
				CLANG_WARN_DIRECT_OBJC_ISA_USAGE = YES_ERROR;
				CLANG_WARN_DOCUMENTATION_COMMENTS = YES;
				CLANG_WARN_EMPTY_BODY = YES;
				CLANG_WARN_ENUM_CONVERSION = YES;
				CLANG_WARN_INFINITE_RECURSION = YES;
				CLANG_WARN_INT_CONVERSION = YES;
				CLANG_WARN_NON_LITERAL_NULL_CONVERSION = YES;
				CLANG_WARN_OBJC_IMPLICIT_RETAIN_SELF = YES;
				CLANG_WARN_OBJC_LITERAL_CONVERSION = YES;
				CLANG_WARN_OBJC_ROOT_CLASS = YES_ERROR;
				CLANG_WARN_RANGE_LOOP_ANALYSIS = YES;
				CLANG_WARN_STRICT_PROTOTYPES = YES;
				CLANG_WARN_SUSPICIOUS_MOVE = YES;
				CLANG_WARN_UNGUARDED_AVAILABILITY = YES_AGGRESSIVE;
				CLANG_WARN_UNREACHABLE_CODE = YES;
				CLANG_WARN__DUPLICATE_METHOD_MATCH = YES;
				CODE_SIGN_IDENTITY = "iPhone Developer";
				COPY_PHASE_STRIP = NO;
				DEBUG_INFORMATION_FORMAT = "dwarf-with-dsym";
				ENABLE_NS_ASSERTIONS = NO;
				ENABLE_STRICT_OBJC_MSGSEND = YES;
				GCC_C_LANGUAGE_STANDARD = gnu11;
				GCC_NO_COMMON_BLOCKS = YES;
				GCC_WARN_64_TO_32_BIT_CONVERSION = YES;
				GCC_WARN_ABOUT_RETURN_TYPE = YES_ERROR;
				GCC_WARN_UNDECLARED_SELECTOR = YES;
				GCC_WARN_UNINITIALIZED_AUTOS = YES_AGGRESSIVE;
				GCC_WARN_UNUSED_FUNCTION = YES;
				GCC_WARN_UNUSED_VARIABLE = YES;
				IPHONEOS_DEPLOYMENT_TARGET = 12.1;
				MTL_ENABLE_DEBUG_INFO = NO;
				MTL_FAST_MATH = YES;
				SDKROOT = iphoneos;
				VALIDATE_PRODUCT = YES;
			};
			name = Release;
		};
		9F1499A4223C80C70005793E /* Debug */ = {
			isa = XCBuildConfiguration;
			buildSettings = {
				ASSETCATALOG_COMPILER_APPICON_NAME = AppIcon;
				CODE_SIGN_STYLE = Automatic;
				INFOPLIST_FILE = BCHTimer/Info.plist;
				LD_RUNPATH_SEARCH_PATHS = (
					"$(inherited)",
					"@executable_path/Frameworks",
				);
				PRODUCT_BUNDLE_IDENTIFIER = com.kidstc.BCHTimer;
				PRODUCT_NAME = "$(TARGET_NAME)";
				TARGETED_DEVICE_FAMILY = "1,2";
			};
			name = Debug;
		};
		9F1499A5223C80C70005793E /* Release */ = {
			isa = XCBuildConfiguration;
			buildSettings = {
				ASSETCATALOG_COMPILER_APPICON_NAME = AppIcon;
				CODE_SIGN_STYLE = Automatic;
				INFOPLIST_FILE = BCHTimer/Info.plist;
				LD_RUNPATH_SEARCH_PATHS = (
					"$(inherited)",
					"@executable_path/Frameworks",
				);
				PRODUCT_BUNDLE_IDENTIFIER = com.kidstc.BCHTimer;
				PRODUCT_NAME = "$(TARGET_NAME)";
				TARGETED_DEVICE_FAMILY = "1,2";
			};
			name = Release;
		};
		9F1499A7223C80C70005793E /* Debug */ = {
			isa = XCBuildConfiguration;
			buildSettings = {
				BUNDLE_LOADER = "$(TEST_HOST)";
				CODE_SIGN_STYLE = Automatic;
				INFOPLIST_FILE = BCHTimerTests/Info.plist;
				LD_RUNPATH_SEARCH_PATHS = (
					"$(inherited)",
					"@executable_path/Frameworks",
					"@loader_path/Frameworks",
				);
				PRODUCT_BUNDLE_IDENTIFIER = com.kidstc.BCHTimerTests;
				PRODUCT_NAME = "$(TARGET_NAME)";
				TARGETED_DEVICE_FAMILY = "1,2";
				TEST_HOST = "$(BUILT_PRODUCTS_DIR)/BCHTimer.app/BCHTimer";
			};
			name = Debug;
		};
		9F1499A8223C80C70005793E /* Release */ = {
			isa = XCBuildConfiguration;
			buildSettings = {
				BUNDLE_LOADER = "$(TEST_HOST)";
				CODE_SIGN_STYLE = Automatic;
				INFOPLIST_FILE = BCHTimerTests/Info.plist;
				LD_RUNPATH_SEARCH_PATHS = (
					"$(inherited)",
					"@executable_path/Frameworks",
					"@loader_path/Frameworks",
				);
				PRODUCT_BUNDLE_IDENTIFIER = com.kidstc.BCHTimerTests;
				PRODUCT_NAME = "$(TARGET_NAME)";
				TARGETED_DEVICE_FAMILY = "1,2";
				TEST_HOST = "$(BUILT_PRODUCTS_DIR)/BCHTimer.app/BCHTimer";
			};
			name = Release;
		};
		9F1499AA223C80C70005793E /* Debug */ = {
			isa = XCBuildConfiguration;
			buildSettings = {
				CODE_SIGN_STYLE = Automatic;
				INFOPLIST_FILE = BCHTimerUITests/Info.plist;
				LD_RUNPATH_SEARCH_PATHS = (
					"$(inherited)",
					"@executable_path/Frameworks",
					"@loader_path/Frameworks",
				);
				PRODUCT_BUNDLE_IDENTIFIER = com.kidstc.BCHTimerUITests;
				PRODUCT_NAME = "$(TARGET_NAME)";
				TARGETED_DEVICE_FAMILY = "1,2";
				TEST_TARGET_NAME = BCHTimer;
			};
			name = Debug;
		};
		9F1499AB223C80C70005793E /* Release */ = {
			isa = XCBuildConfiguration;
			buildSettings = {
				CODE_SIGN_STYLE = Automatic;
				INFOPLIST_FILE = BCHTimerUITests/Info.plist;
				LD_RUNPATH_SEARCH_PATHS = (
					"$(inherited)",
					"@executable_path/Frameworks",
					"@loader_path/Frameworks",
				);
				PRODUCT_BUNDLE_IDENTIFIER = com.kidstc.BCHTimerUITests;
				PRODUCT_NAME = "$(TARGET_NAME)";
				TARGETED_DEVICE_FAMILY = "1,2";
				TEST_TARGET_NAME = BCHTimer;
			};
			name = Release;
		};
/* End XCBuildConfiguration section */

/* Begin XCConfigurationList section */
		9F149972223C80C60005793E /* Build configuration list for PBXProject "BCHTimer" */ = {
			isa = XCConfigurationList;
			buildConfigurations = (
				9F1499A1223C80C70005793E /* Debug */,
				9F1499A2223C80C70005793E /* Release */,
			);
			defaultConfigurationIsVisible = 0;
			defaultConfigurationName = Release;
		};
		9F1499A3223C80C70005793E /* Build configuration list for PBXNativeTarget "BCHTimer" */ = {
			isa = XCConfigurationList;
			buildConfigurations = (
				9F1499A4223C80C70005793E /* Debug */,
				9F1499A5223C80C70005793E /* Release */,
			);
			defaultConfigurationIsVisible = 0;
			defaultConfigurationName = Release;
		};
		9F1499A6223C80C70005793E /* Build configuration list for PBXNativeTarget "BCHTimerTests" */ = {
			isa = XCConfigurationList;
			buildConfigurations = (
				9F1499A7223C80C70005793E /* Debug */,
				9F1499A8223C80C70005793E /* Release */,
			);
			defaultConfigurationIsVisible = 0;
			defaultConfigurationName = Release;
		};
		9F1499A9223C80C70005793E /* Build configuration list for PBXNativeTarget "BCHTimerUITests" */ = {
			isa = XCConfigurationList;
			buildConfigurations = (
				9F1499AA223C80C70005793E /* Debug */,
				9F1499AB223C80C70005793E /* Release */,
			);
			defaultConfigurationIsVisible = 0;
			defaultConfigurationName = Release;
		};
/* End XCConfigurationList section */
	};
	rootObject = 9F14996F223C80C60005793E /* Project object */;
}
